PODS:
  - GPUImage (0.1.7)
  - Ks3SDK (1.7.2)
  - libksygpulive/base (0.1.1):
    - GPUImage
    - Ks3SDK (~> 1.7.2)
  - libksygpulive/gpufilter (0.1.1):
    - GPUImage
    - Ks3SDK (~> 1.7.2)
  - libksygpulive/libksygpulive (0.1.1):
    - GPUImage
    - Ks3SDK (~> 1.7.2)
    - libksygpulive/base
    - libksygpulive/gpufilter
    - libksygpulive/mediacodec
    - libksygpulive/mediacore_enc_base
    - libksygpulive/mediacore_enc_lite
    - libksygpulive/streamerbase
    - libksygpulive/streamerengine
    - libksygpulive/yuv
  - libksygpulive/mediacodec (0.1.1):
    - GPUImage
    - Ks3SDK (~> 1.7.2)
  - libksygpulive/mediacore_enc_base (0.1.1):
    - GPUImage
    - Ks3SDK (~> 1.7.2)
  - libksygpulive/mediacore_enc_lite (0.1.1):
    - GPUImage
    - Ks3SDK (~> 1.7.2)
  - libksygpulive/streamerbase (0.1.1):
    - GPUImage
    - Ks3SDK (~> 1.7.2)
  - libksygpulive/streamerengine (0.1.1):
    - GPUImage
    - Ks3SDK (~> 1.7.2)
  - libksygpulive/yuv (0.1.1):
    - GPUImage
    - Ks3SDK (~> 1.7.2)

DEPENDENCIES:
  - Ks3SDK (~> 1.7.2)
  - libksygpulive/libksygpulive (from `./`)

EXTERNAL SOURCES:
  libksygpulive:
    :path: "./"

SPEC CHECKSUMS:
  GPUImage: 733a5f0fab92df9de1c37ba9df520a833ccb406d
  Ks3SDK: 04460cc317225ee7085ba598de36062bb342a508
  libksygpulive: 6b9042404c5fc7089e0466392d4cddaf63b633a8

PODFILE CHECKSUM: 61b319a1bcc18bd92cd1c4005f24b34280303f4b

COCOAPODS: 1.2.0
