// !$*UTF8*$!
{
	archiveVersion = 1;
	classes = {
	};
	objectVersion = 46;
	objects = {

/* Begin PBXBuildFile section */
		167BD06FAEDAAB321244A63B /* libPods-demo.a in Frameworks */ = {isa = PBXBuildFile; fileRef = EE9B598C3B146F102725538C /* libPods-demo.a */; };
		3F0661CA1F27499900663B81 /* KSYOutputCfgViewController.m in Sources */ = {isa = PBXBuildFile; fileRef = 3F0661C81F27499900663B81 /* KSYOutputCfgViewController.m */; };
		3F0661CB1F27499900663B81 /* KSYOutputCfgViewController.xib in Resources */ = {isa = PBXBuildFile; fileRef = 3F0661C91F27499900663B81 /* KSYOutputCfgViewController.xib */; };
		3F1020681F15C3D600D068F8 /* KSYRecordAELayout.m in Sources */ = {isa = PBXBuildFile; fileRef = 3F1020671F15C3D600D068F8 /* KSYRecordAELayout.m */; };
		3F10206C1F15CFCA00D068F8 /* KSYRecordVoiceChangeCell.m in Sources */ = {isa = PBXBuildFile; fileRef = 3F10206A1F15CFCA00D068F8 /* KSYRecordVoiceChangeCell.m */; };
		3F10206D1F15CFCA00D068F8 /* KSYRecordVoiceChangeCell.xib in Resources */ = {isa = PBXBuildFile; fileRef = 3F10206B1F15CFCA00D068F8 /* KSYRecordVoiceChangeCell.xib */; };
		3F1020711F15D0C300D068F8 /* KSYRecordReverbCell.m in Sources */ = {isa = PBXBuildFile; fileRef = 3F10206F1F15D0C300D068F8 /* KSYRecordReverbCell.m */; };
		3F1020721F15D0C300D068F8 /* KSYRecordReverbCell.xib in Resources */ = {isa = PBXBuildFile; fileRef = 3F1020701F15D0C300D068F8 /* KSYRecordReverbCell.xib */; };
		3F1020751F15D4A200D068F8 /* KSYAudioEffectCommonLayout.m in Sources */ = {isa = PBXBuildFile; fileRef = 3F1020741F15D4A200D068F8 /* KSYAudioEffectCommonLayout.m */; };
		3F10207C1F15FE4700D068F8 /* KSYRecordAECommonCell.m in Sources */ = {isa = PBXBuildFile; fileRef = 3F10207A1F15FE4700D068F8 /* KSYRecordAECommonCell.m */; };
		3F10207D1F15FE4700D068F8 /* KSYRecordAECommonCell.xib in Resources */ = {isa = PBXBuildFile; fileRef = 3F10207B1F15FE4700D068F8 /* KSYRecordAECommonCell.xib */; };
		3F1C457B1F136EDC0040C515 /* KSYBeautyFlowLayout.m in Sources */ = {isa = PBXBuildFile; fileRef = 3F1C457A1F136EDC0040C515 /* KSYBeautyFlowLayout.m */; };
		3F1C45961F1377040040C515 /* KSYDynamicEffectCell.m in Sources */ = {isa = PBXBuildFile; fileRef = 3F1C45941F1377040040C515 /* KSYDynamicEffectCell.m */; };
		3F1C45971F1377040040C515 /* KSYDynamicEffectCell.xib in Resources */ = {isa = PBXBuildFile; fileRef = 3F1C45951F1377040040C515 /* KSYDynamicEffectCell.xib */; };
		3F1C45A01F13772F0040C515 /* KSYFilterCell.m in Sources */ = {isa = PBXBuildFile; fileRef = 3F1C459E1F13772F0040C515 /* KSYFilterCell.m */; };
		3F1C45A11F13772F0040C515 /* KSYFilterCell.xib in Resources */ = {isa = PBXBuildFile; fileRef = 3F1C459F1F13772F0040C515 /* KSYFilterCell.xib */; };
		3F1C45A51F1381BC0040C515 /* KSYFilterCollectionViewCell.m in Sources */ = {isa = PBXBuildFile; fileRef = 3F1C45A31F1381BC0040C515 /* KSYFilterCollectionViewCell.m */; };
		3F1C45A61F1381BC0040C515 /* KSYFilterCollectionViewCell.xib in Resources */ = {isa = PBXBuildFile; fileRef = 3F1C45A41F1381BC0040C515 /* KSYFilterCollectionViewCell.xib */; };
		3F1C45A91F1383170040C515 /* KSYFilterCollectionViewLayout.m in Sources */ = {isa = PBXBuildFile; fileRef = 3F1C45A81F1383170040C515 /* KSYFilterCollectionViewLayout.m */; };
		3F1C45AE1F13A4110040C515 /* KSYFilterModel.m in Sources */ = {isa = PBXBuildFile; fileRef = 3F1C45AD1F13A4110040C515 /* KSYFilterModel.m */; };
		3F24AD931F17A272006FEE76 /* KSYEditPanelCellLayout.m in Sources */ = {isa = PBXBuildFile; fileRef = 3F24AD921F17A272006FEE76 /* KSYEditPanelCellLayout.m */; };
		3F307F311F5673840023249C /* UIColor+KSYHEX.m in Sources */ = {isa = PBXBuildFile; fileRef = 3F307F301F5673840023249C /* UIColor+KSYHEX.m */; };
		3F353B181F46CEC000E6CDC8 /* KSYEditAnimateImageCell.m in Sources */ = {isa = PBXBuildFile; fileRef = 3F353B161F46CEC000E6CDC8 /* KSYEditAnimateImageCell.m */; };
		3F353B191F46CEC000E6CDC8 /* KSYEditAnimateImageCell.xib in Resources */ = {isa = PBXBuildFile; fileRef = 3F353B171F46CEC000E6CDC8 /* KSYEditAnimateImageCell.xib */; };
		3F35AF751F0E2B7B00BB57FC /* KSYCfgViewController.m in Sources */ = {isa = PBXBuildFile; fileRef = 3F35AF731F0E2B7B00BB57FC /* KSYCfgViewController.m */; };
		3F35AF761F0E2B7B00BB57FC /* KSYCfgViewController.xib in Resources */ = {isa = PBXBuildFile; fileRef = 3F35AF741F0E2B7B00BB57FC /* KSYCfgViewController.xib */; };
		3F4629691F14D848003815A7 /* KSYBgMusicModel.m in Sources */ = {isa = PBXBuildFile; fileRef = 3F4629681F14D848003815A7 /* KSYBgMusicModel.m */; };
		3F46296D1F14D8A7003815A7 /* KSYBgmCell.m in Sources */ = {isa = PBXBuildFile; fileRef = 3F46296B1F14D8A7003815A7 /* KSYBgmCell.m */; };
		3F46296E1F14D8A7003815A7 /* KSYBgmCell.xib in Resources */ = {isa = PBXBuildFile; fileRef = 3F46296C1F14D8A7003815A7 /* KSYBgmCell.xib */; };
		3F4629711F14DA1D003815A7 /* KSYBgmLayout.m in Sources */ = {isa = PBXBuildFile; fileRef = 3F4629701F14DA1D003815A7 /* KSYBgmLayout.m */; };
		3F46297B1F14FD72003815A7 /* KSYRecordAudioEffectView.m in Sources */ = {isa = PBXBuildFile; fileRef = 3F46297A1F14FD72003815A7 /* KSYRecordAudioEffectView.m */; };
		3F51CF671F0E37750040AC22 /* KSYRecordViewController.m in Sources */ = {isa = PBXBuildFile; fileRef = 3F51CF651F0E37750040AC22 /* KSYRecordViewController.m */; };
		3F5E2EC51F186ADC002C490A /* KSYEditStickerCell.m in Sources */ = {isa = PBXBuildFile; fileRef = 3F5E2EC31F186ADC002C490A /* KSYEditStickerCell.m */; };
		3F5E2EC61F186ADC002C490A /* KSYEditStickerCell.xib in Resources */ = {isa = PBXBuildFile; fileRef = 3F5E2EC41F186ADC002C490A /* KSYEditStickerCell.xib */; };
		3F5E2ECB1F18A104002C490A /* KSYEditStickerCollectionViewCell.m in Sources */ = {isa = PBXBuildFile; fileRef = 3F5E2EC91F18A104002C490A /* KSYEditStickerCollectionViewCell.m */; };
		3F5E2ECC1F18A104002C490A /* KSYEditStickerCollectionViewCell.xib in Resources */ = {isa = PBXBuildFile; fileRef = 3F5E2ECA1F18A104002C490A /* KSYEditStickerCollectionViewCell.xib */; };
		3F5E2ED01F18A405002C490A /* KSYEditSubtitleCell.m in Sources */ = {isa = PBXBuildFile; fileRef = 3F5E2ECE1F18A405002C490A /* KSYEditSubtitleCell.m */; };
		3F5E2ED11F18A405002C490A /* KSYEditSubtitleCell.xib in Resources */ = {isa = PBXBuildFile; fileRef = 3F5E2ECF1F18A405002C490A /* KSYEditSubtitleCell.xib */; };
		3F5E2ED51F18AAA5002C490A /* KSYEditWatermarkCell.m in Sources */ = {isa = PBXBuildFile; fileRef = 3F5E2ED31F18AAA5002C490A /* KSYEditWatermarkCell.m */; };
		3F5E2ED61F18AAA5002C490A /* KSYEditWatermarkCell.xib in Resources */ = {isa = PBXBuildFile; fileRef = 3F5E2ED41F18AAA5002C490A /* KSYEditWatermarkCell.xib */; };
		3F5E2EDB1F18BE73002C490A /* KSYEditVideoTrimCell.m in Sources */ = {isa = PBXBuildFile; fileRef = 3F5E2ED91F18BE73002C490A /* KSYEditVideoTrimCell.m */; };
		3F5E2EDC1F18BE73002C490A /* KSYEditVideoTrimCell.xib in Resources */ = {isa = PBXBuildFile; fileRef = 3F5E2EDA1F18BE73002C490A /* KSYEditVideoTrimCell.xib */; };
		3F71E0F51F4AD74E005053A9 /* dynamic_image6.png in Resources */ = {isa = PBXBuildFile; fileRef = 3F71E0F01F4AD74E005053A9 /* dynamic_image6.png */; };
		3F71E0F61F4AD74E005053A9 /* dynamic_image7.png in Resources */ = {isa = PBXBuildFile; fileRef = 3F71E0F11F4AD74E005053A9 /* dynamic_image7.png */; };
		3F71E0F71F4AD74E005053A9 /* dynamic_image8.png in Resources */ = {isa = PBXBuildFile; fileRef = 3F71E0F21F4AD74E005053A9 /* dynamic_image8.png */; };
		3F71E0F81F4AD74E005053A9 /* dynamic_image9.png in Resources */ = {isa = PBXBuildFile; fileRef = 3F71E0F31F4AD74E005053A9 /* dynamic_image9.png */; };
		3F71E0F91F4AD74E005053A9 /* dynamic_image10.png in Resources */ = {isa = PBXBuildFile; fileRef = 3F71E0F41F4AD74E005053A9 /* dynamic_image10.png */; };
		3F7EDA971F28724300C6DE6E /* KSYEditSpeedLevelModel.m in Sources */ = {isa = PBXBuildFile; fileRef = 3F7EDA961F28724300C6DE6E /* KSYEditSpeedLevelModel.m */; };
		3F8689B91F1632F100DBDFED /* KSYEditPanelView.m in Sources */ = {isa = PBXBuildFile; fileRef = 3F8689B81F1632F100DBDFED /* KSYEditPanelView.m */; };
		3F8818771F4C206D00CE1A23 /* KSYNavigationController.m in Sources */ = {isa = PBXBuildFile; fileRef = 3F8818761F4C206D00CE1A23 /* KSYNavigationController.m */; };
		3F9BA2A11F1F467B000101E8 /* KSYEditAudioTrimView.m in Sources */ = {isa = PBXBuildFile; fileRef = 3F9BA2A01F1F467B000101E8 /* KSYEditAudioTrimView.m */; };
		3F9D7F671F0FA4D800BAB65E /* KSYBeautyFilterCell.m in Sources */ = {isa = PBXBuildFile; fileRef = 3F9D7F651F0FA4D800BAB65E /* KSYBeautyFilterCell.m */; };
		3F9D7F681F0FA4D800BAB65E /* KSYBeautyFilterCell.xib in Resources */ = {isa = PBXBuildFile; fileRef = 3F9D7F661F0FA4D800BAB65E /* KSYBeautyFilterCell.xib */; };
		3FA657B51F46F44100C1B7C8 /* dynamic_image1.gif in Resources */ = {isa = PBXBuildFile; fileRef = 3FA657B01F46F44100C1B7C8 /* dynamic_image1.gif */; };
		3FA657B61F46F44100C1B7C8 /* dynamic_image2.gif in Resources */ = {isa = PBXBuildFile; fileRef = 3FA657B11F46F44100C1B7C8 /* dynamic_image2.gif */; };
		3FA657B71F46F44100C1B7C8 /* dynamic_image3.gif in Resources */ = {isa = PBXBuildFile; fileRef = 3FA657B21F46F44100C1B7C8 /* dynamic_image3.gif */; };
		3FA657B81F46F44100C1B7C8 /* dynamic_image4.gif in Resources */ = {isa = PBXBuildFile; fileRef = 3FA657B31F46F44100C1B7C8 /* dynamic_image4.gif */; };
		3FA657B91F46F44100C1B7C8 /* dynamic_image5.gif in Resources */ = {isa = PBXBuildFile; fileRef = 3FA657B41F46F44100C1B7C8 /* dynamic_image5.gif */; };
		3FAA58DA1F0BB5D8002704A1 /* RecordConfigModel.m in Sources */ = {isa = PBXBuildFile; fileRef = 3FAA58D91F0BB5D8002704A1 /* RecordConfigModel.m */; };
		3FAA58DD1F0BB5EC002704A1 /* OutputModel.m in Sources */ = {isa = PBXBuildFile; fileRef = 3FAA58DC1F0BB5EC002704A1 /* OutputModel.m */; };
		3FB285661F17942D005077E8 /* KSYEditBGMCell.m in Sources */ = {isa = PBXBuildFile; fileRef = 3FB285641F17942D005077E8 /* KSYEditBGMCell.m */; };
		3FB285671F17942D005077E8 /* KSYEditBGMCell.xib in Resources */ = {isa = PBXBuildFile; fileRef = 3FB285651F17942D005077E8 /* KSYEditBGMCell.xib */; };
		3FBB54FD1F4D8EA9006015B5 /* UIView+BLLandscape.m in Sources */ = {isa = PBXBuildFile; fileRef = 3FBB54FB1F4D8EA9006015B5 /* UIView+BLLandscape.m */; };
		3FBB54FE1F4D8EA9006015B5 /* BLSubstituteObject.m in Sources */ = {isa = PBXBuildFile; fileRef = 3FBB54FC1F4D8EA9006015B5 /* BLSubstituteObject.m */; };
		3FBF9A4A1F14C2FD00B51F9A /* KSYBGMusicView.m in Sources */ = {isa = PBXBuildFile; fileRef = 3FBF9A491F14C2FD00B51F9A /* KSYBGMusicView.m */; };
		3FD1C4801F0B9F4800ABAB61 /* RecordConfigCell.m in Sources */ = {isa = PBXBuildFile; fileRef = 3FD1C47E1F0B9F4800ABAB61 /* RecordConfigCell.m */; };
		3FD1C4811F0B9F4800ABAB61 /* RecordConfigCell.xib in Resources */ = {isa = PBXBuildFile; fileRef = 3FD1C47F1F0B9F4800ABAB61 /* RecordConfigCell.xib */; };
		3FD1C4851F0B9F5D00ABAB61 /* OutputConfigCell.m in Sources */ = {isa = PBXBuildFile; fileRef = 3FD1C4831F0B9F5D00ABAB61 /* OutputConfigCell.m */; };
		3FD1C4861F0B9F5D00ABAB61 /* OutputConfigCell.xib in Resources */ = {isa = PBXBuildFile; fileRef = 3FD1C4841F0B9F5D00ABAB61 /* OutputConfigCell.xib */; };
		3FDBD1011F1DDE7B0054ED78 /* KSYEditTimesCell.m in Sources */ = {isa = PBXBuildFile; fileRef = 3FDBD0FF1F1DDE7B0054ED78 /* KSYEditTimesCell.m */; };
		3FDBD1021F1DDE7B0054ED78 /* KSYEditTimesCell.xib in Resources */ = {isa = PBXBuildFile; fileRef = 3FDBD1001F1DDE7B0054ED78 /* KSYEditTimesCell.xib */; };
		3FDC43A11F2209D500A967A9 /* ReLogViewController.m in Sources */ = {isa = PBXBuildFile; fileRef = 3FDC439F1F2209D500A967A9 /* ReLogViewController.m */; };
		3FDC43A21F2209D500A967A9 /* ReLogViewController.xib in Resources */ = {isa = PBXBuildFile; fileRef = 3FDC43A01F2209D500A967A9 /* ReLogViewController.xib */; };
		3FECA4241F0A66450039F234 /* ScreeRotateViewController.m in Sources */ = {isa = PBXBuildFile; fileRef = 3FECA41C1F0A66450039F234 /* ScreeRotateViewController.m */; };
		3FECA4251F0A66450039F234 /* ScreeRotateViewController.xib in Resources */ = {isa = PBXBuildFile; fileRef = 3FECA41D1F0A66450039F234 /* ScreeRotateViewController.xib */; };
		3FECA4261F0A66450039F234 /* SlideInPresentationAnimator.m in Sources */ = {isa = PBXBuildFile; fileRef = 3FECA41F1F0A66450039F234 /* SlideInPresentationAnimator.m */; };
		3FECA4271F0A66450039F234 /* SlideInPresentationController.m in Sources */ = {isa = PBXBuildFile; fileRef = 3FECA4211F0A66450039F234 /* SlideInPresentationController.m */; };
		3FECA4281F0A66450039F234 /* SlideInPresentationManager.m in Sources */ = {isa = PBXBuildFile; fileRef = 3FECA4231F0A66450039F234 /* SlideInPresentationManager.m */; };
		3FF4B7DB1F31D5A400128EEB /* KSYTimelineMediaInfo.m in Sources */ = {isa = PBXBuildFile; fileRef = 3FF4B7D81F31D5A400128EEB /* KSYTimelineMediaInfo.m */; };
		3FF4B7DC1F31D5A400128EEB /* KSYTimelineView.m in Sources */ = {isa = PBXBuildFile; fileRef = 3FF4B7DA1F31D5A400128EEB /* KSYTimelineView.m */; };
		3FF4B7E21F31DDA400128EEB /* KSYTimelineItemCell.m in Sources */ = {isa = PBXBuildFile; fileRef = 3FF4B7E11F31DDA400128EEB /* KSYTimelineItemCell.m */; };
		3FF4B7E51F31E0A000128EEB /* KSYTimelineComposition.m in Sources */ = {isa = PBXBuildFile; fileRef = 3FF4B7E41F31E0A000128EEB /* KSYTimelineComposition.m */; };
		C30147BD1F0E165C00CE0953 /* KSYRecordViewController.xib in Resources */ = {isa = PBXBuildFile; fileRef = C30147BB1F0E165C00CE0953 /* KSYRecordViewController.xib */; };
		C30147CB1F0E409900CE0953 /* RecordProgressView.m in Sources */ = {isa = PBXBuildFile; fileRef = C30147CA1F0E409900CE0953 /* RecordProgressView.m */; };
		C30147D61F0F726100CE0953 /* KSYEditViewController.m in Sources */ = {isa = PBXBuildFile; fileRef = C30147D41F0F726100CE0953 /* KSYEditViewController.m */; };
		C30147D71F0F726100CE0953 /* KSYEditViewController.xib in Resources */ = {isa = PBXBuildFile; fileRef = C30147D51F0F726100CE0953 /* KSYEditViewController.xib */; };
		C30E6AFD1F0A61A000E249BD /* main.m in Sources */ = {isa = PBXBuildFile; fileRef = C30E6AFC1F0A61A000E249BD /* main.m */; };
		C30E6B001F0A61A000E249BD /* AppDelegate.m in Sources */ = {isa = PBXBuildFile; fileRef = C30E6AFF1F0A61A000E249BD /* AppDelegate.m */; };
		C30E6B031F0A61A000E249BD /* ViewController.m in Sources */ = {isa = PBXBuildFile; fileRef = C30E6B021F0A61A000E249BD /* ViewController.m */; };
		C30E6B061F0A61A000E249BD /* Main.storyboard in Resources */ = {isa = PBXBuildFile; fileRef = C30E6B041F0A61A000E249BD /* Main.storyboard */; };
		C30E6B081F0A61A000E249BD /* Assets.xcassets in Resources */ = {isa = PBXBuildFile; fileRef = C30E6B071F0A61A000E249BD /* Assets.xcassets */; };
		C30E6B0B1F0A61A000E249BD /* LaunchScreen.storyboard in Resources */ = {isa = PBXBuildFile; fileRef = C30E6B091F0A61A000E249BD /* LaunchScreen.storyboard */; };
		C380A0471F131BBC00D57EE1 /* KSYPlayViewController.m in Sources */ = {isa = PBXBuildFile; fileRef = C380A0451F131BBC00D57EE1 /* KSYPlayViewController.m */; };
		C380A0481F131BBC00D57EE1 /* KSYPlayViewController.xib in Resources */ = {isa = PBXBuildFile; fileRef = C380A0461F131BBC00D57EE1 /* KSYPlayViewController.xib */; };
		C380A0491F13622400D57EE1 /* libz.tbd in Frameworks */ = {isa = PBXBuildFile; fileRef = C30147C31F0E2CC300CE0953 /* libz.tbd */; };
		C380A0511F1364E300D57EE1 /* KSYDecalBGView.m in Sources */ = {isa = PBXBuildFile; fileRef = C380A04E1F1364E300D57EE1 /* KSYDecalBGView.m */; };
		C380A0521F1364E300D57EE1 /* KSYDecalView.m in Sources */ = {isa = PBXBuildFile; fileRef = C380A0501F1364E300D57EE1 /* KSYDecalView.m */; };
		C380A0571F13778400D57EE1 /* KSYPublishViewController.m in Sources */ = {isa = PBXBuildFile; fileRef = C380A0551F13778400D57EE1 /* KSYPublishViewController.m */; };
		C380A0581F13778400D57EE1 /* KSYPublishViewController.xib in Resources */ = {isa = PBXBuildFile; fileRef = C380A0561F13778400D57EE1 /* KSYPublishViewController.xib */; };
		C3C50CA31F21A631000CEF97 /* faded_out.mp3 in Resources */ = {isa = PBXBuildFile; fileRef = C3C50CA01F21A631000CEF97 /* faded_out.mp3 */; };
		C3C50CA41F21A631000CEF97 /* Hotel_California_out2.mp3 in Resources */ = {isa = PBXBuildFile; fileRef = C3C50CA11F21A631000CEF97 /* Hotel_California_out2.mp3 */; };
		C3C50CA51F21A631000CEF97 /* Immortals_out.mp3 in Resources */ = {isa = PBXBuildFile; fileRef = C3C50CA21F21A631000CEF97 /* Immortals_out.mp3 */; };
		C3DA80BC1F56E0F300033358 /* KSYGPUResource.bundle in Resources */ = {isa = PBXBuildFile; fileRef = C3DA80BB1F56E0F300033358 /* KSYGPUResource.bundle */; };
		C3DA80BE1F56E7A300033358 /* KSYMediaEditorKit.framework in Frameworks */ = {isa = PBXBuildFile; fileRef = C3DA80BD1F56E7A300033358 /* KSYMediaEditorKit.framework */; };
		C3F1CCCE1F18C5B300DA3641 /* FilterManager.m in Sources */ = {isa = PBXBuildFile; fileRef = C3F1CCC91F18C5B300DA3641 /* FilterManager.m */; };
		C3F1CCCF1F18C5B300DA3641 /* StickerCell.m in Sources */ = {isa = PBXBuildFile; fileRef = C3F1CCCB1F18C5B300DA3641 /* StickerCell.m */; };
		C3F1CCD01F18C5B300DA3641 /* StickerView.m in Sources */ = {isa = PBXBuildFile; fileRef = C3F1CCCD1F18C5B300DA3641 /* StickerView.m */; };
		C3FE1C8C1F14E641001562CB /* AEModelTemplate.m in Sources */ = {isa = PBXBuildFile; fileRef = C3FE1C8B1F14E641001562CB /* AEModelTemplate.m */; };
/* End PBXBuildFile section */

/* Begin PBXFileReference section */
		3F05E2701F14CA4E00B852C7 /* libstdc++.tbd */ = {isa = PBXFileReference; lastKnownFileType = "sourcecode.text-based-dylib-definition"; name = "libstdc++.tbd"; path = "usr/lib/libstdc++.tbd"; sourceTree = SDKROOT; };
		3F05E2721F14CA5400B852C7 /* libsqlite3.tbd */ = {isa = PBXFileReference; lastKnownFileType = "sourcecode.text-based-dylib-definition"; name = libsqlite3.tbd; path = usr/lib/libsqlite3.tbd; sourceTree = SDKROOT; };
		3F0661C71F27499900663B81 /* KSYOutputCfgViewController.h */ = {isa = PBXFileReference; fileEncoding = 4; lastKnownFileType = sourcecode.c.h; path = KSYOutputCfgViewController.h; sourceTree = "<group>"; };
		3F0661C81F27499900663B81 /* KSYOutputCfgViewController.m */ = {isa = PBXFileReference; fileEncoding = 4; lastKnownFileType = sourcecode.c.objc; path = KSYOutputCfgViewController.m; sourceTree = "<group>"; };
		3F0661C91F27499900663B81 /* KSYOutputCfgViewController.xib */ = {isa = PBXFileReference; fileEncoding = 4; lastKnownFileType = file.xib; path = KSYOutputCfgViewController.xib; sourceTree = "<group>"; };
		3F1020661F15C3D600D068F8 /* KSYRecordAELayout.h */ = {isa = PBXFileReference; fileEncoding = 4; lastKnownFileType = sourcecode.c.h; path = KSYRecordAELayout.h; sourceTree = "<group>"; };
		3F1020671F15C3D600D068F8 /* KSYRecordAELayout.m */ = {isa = PBXFileReference; fileEncoding = 4; lastKnownFileType = sourcecode.c.objc; path = KSYRecordAELayout.m; sourceTree = "<group>"; };
		3F1020691F15CFCA00D068F8 /* KSYRecordVoiceChangeCell.h */ = {isa = PBXFileReference; fileEncoding = 4; lastKnownFileType = sourcecode.c.h; path = KSYRecordVoiceChangeCell.h; sourceTree = "<group>"; };
		3F10206A1F15CFCA00D068F8 /* KSYRecordVoiceChangeCell.m */ = {isa = PBXFileReference; fileEncoding = 4; lastKnownFileType = sourcecode.c.objc; path = KSYRecordVoiceChangeCell.m; sourceTree = "<group>"; };
		3F10206B1F15CFCA00D068F8 /* KSYRecordVoiceChangeCell.xib */ = {isa = PBXFileReference; fileEncoding = 4; lastKnownFileType = file.xib; path = KSYRecordVoiceChangeCell.xib; sourceTree = "<group>"; };
		3F10206E1F15D0C300D068F8 /* KSYRecordReverbCell.h */ = {isa = PBXFileReference; fileEncoding = 4; lastKnownFileType = sourcecode.c.h; path = KSYRecordReverbCell.h; sourceTree = "<group>"; };
		3F10206F1F15D0C300D068F8 /* KSYRecordReverbCell.m */ = {isa = PBXFileReference; fileEncoding = 4; lastKnownFileType = sourcecode.c.objc; path = KSYRecordReverbCell.m; sourceTree = "<group>"; };
		3F1020701F15D0C300D068F8 /* KSYRecordReverbCell.xib */ = {isa = PBXFileReference; fileEncoding = 4; lastKnownFileType = file.xib; path = KSYRecordReverbCell.xib; sourceTree = "<group>"; };
		3F1020731F15D4A200D068F8 /* KSYAudioEffectCommonLayout.h */ = {isa = PBXFileReference; fileEncoding = 4; lastKnownFileType = sourcecode.c.h; path = KSYAudioEffectCommonLayout.h; sourceTree = "<group>"; };
		3F1020741F15D4A200D068F8 /* KSYAudioEffectCommonLayout.m */ = {isa = PBXFileReference; fileEncoding = 4; lastKnownFileType = sourcecode.c.objc; path = KSYAudioEffectCommonLayout.m; sourceTree = "<group>"; };
		3F1020791F15FE4700D068F8 /* KSYRecordAECommonCell.h */ = {isa = PBXFileReference; fileEncoding = 4; lastKnownFileType = sourcecode.c.h; path = KSYRecordAECommonCell.h; sourceTree = "<group>"; };
		3F10207A1F15FE4700D068F8 /* KSYRecordAECommonCell.m */ = {isa = PBXFileReference; fileEncoding = 4; lastKnownFileType = sourcecode.c.objc; path = KSYRecordAECommonCell.m; sourceTree = "<group>"; };
		3F10207B1F15FE4700D068F8 /* KSYRecordAECommonCell.xib */ = {isa = PBXFileReference; fileEncoding = 4; lastKnownFileType = file.xib; path = KSYRecordAECommonCell.xib; sourceTree = "<group>"; };
		3F10207E1F160A0B00D068F8 /* KSYAudioEffectDelegate.h */ = {isa = PBXFileReference; fileEncoding = 4; lastKnownFileType = sourcecode.c.h; path = KSYAudioEffectDelegate.h; sourceTree = "<group>"; };
		3F1C45791F136EDC0040C515 /* KSYBeautyFlowLayout.h */ = {isa = PBXFileReference; fileEncoding = 4; lastKnownFileType = sourcecode.c.h; path = KSYBeautyFlowLayout.h; sourceTree = "<group>"; };
		3F1C457A1F136EDC0040C515 /* KSYBeautyFlowLayout.m */ = {isa = PBXFileReference; fileEncoding = 4; lastKnownFileType = sourcecode.c.objc; path = KSYBeautyFlowLayout.m; sourceTree = "<group>"; };
		3F1C45931F1377040040C515 /* KSYDynamicEffectCell.h */ = {isa = PBXFileReference; fileEncoding = 4; lastKnownFileType = sourcecode.c.h; path = KSYDynamicEffectCell.h; sourceTree = "<group>"; };
		3F1C45941F1377040040C515 /* KSYDynamicEffectCell.m */ = {isa = PBXFileReference; fileEncoding = 4; lastKnownFileType = sourcecode.c.objc; path = KSYDynamicEffectCell.m; sourceTree = "<group>"; };
		3F1C45951F1377040040C515 /* KSYDynamicEffectCell.xib */ = {isa = PBXFileReference; fileEncoding = 4; lastKnownFileType = file.xib; path = KSYDynamicEffectCell.xib; sourceTree = "<group>"; };
		3F1C459D1F13772F0040C515 /* KSYFilterCell.h */ = {isa = PBXFileReference; fileEncoding = 4; lastKnownFileType = sourcecode.c.h; path = KSYFilterCell.h; sourceTree = "<group>"; };
		3F1C459E1F13772F0040C515 /* KSYFilterCell.m */ = {isa = PBXFileReference; fileEncoding = 4; lastKnownFileType = sourcecode.c.objc; path = KSYFilterCell.m; sourceTree = "<group>"; };
		3F1C459F1F13772F0040C515 /* KSYFilterCell.xib */ = {isa = PBXFileReference; fileEncoding = 4; lastKnownFileType = file.xib; path = KSYFilterCell.xib; sourceTree = "<group>"; };
		3F1C45A21F1381BC0040C515 /* KSYFilterCollectionViewCell.h */ = {isa = PBXFileReference; fileEncoding = 4; lastKnownFileType = sourcecode.c.h; path = KSYFilterCollectionViewCell.h; sourceTree = "<group>"; };
		3F1C45A31F1381BC0040C515 /* KSYFilterCollectionViewCell.m */ = {isa = PBXFileReference; fileEncoding = 4; lastKnownFileType = sourcecode.c.objc; path = KSYFilterCollectionViewCell.m; sourceTree = "<group>"; };
		3F1C45A41F1381BC0040C515 /* KSYFilterCollectionViewCell.xib */ = {isa = PBXFileReference; fileEncoding = 4; lastKnownFileType = file.xib; path = KSYFilterCollectionViewCell.xib; sourceTree = "<group>"; };
		3F1C45A71F1383170040C515 /* KSYFilterCollectionViewLayout.h */ = {isa = PBXFileReference; fileEncoding = 4; lastKnownFileType = sourcecode.c.h; path = KSYFilterCollectionViewLayout.h; sourceTree = "<group>"; };
		3F1C45A81F1383170040C515 /* KSYFilterCollectionViewLayout.m */ = {isa = PBXFileReference; fileEncoding = 4; lastKnownFileType = sourcecode.c.objc; path = KSYFilterCollectionViewLayout.m; sourceTree = "<group>"; };
		3F1C45AC1F13A4110040C515 /* KSYFilterModel.h */ = {isa = PBXFileReference; fileEncoding = 4; lastKnownFileType = sourcecode.c.h; path = KSYFilterModel.h; sourceTree = "<group>"; };
		3F1C45AD1F13A4110040C515 /* KSYFilterModel.m */ = {isa = PBXFileReference; fileEncoding = 4; lastKnownFileType = sourcecode.c.objc; path = KSYFilterModel.m; sourceTree = "<group>"; };
		3F24AD911F17A272006FEE76 /* KSYEditPanelCellLayout.h */ = {isa = PBXFileReference; fileEncoding = 4; lastKnownFileType = sourcecode.c.h; path = KSYEditPanelCellLayout.h; sourceTree = "<group>"; };
		3F24AD921F17A272006FEE76 /* KSYEditPanelCellLayout.m */ = {isa = PBXFileReference; fileEncoding = 4; lastKnownFileType = sourcecode.c.objc; path = KSYEditPanelCellLayout.m; sourceTree = "<group>"; };
		3F307F2F1F5673840023249C /* UIColor+KSYHEX.h */ = {isa = PBXFileReference; fileEncoding = 4; lastKnownFileType = sourcecode.c.h; name = "UIColor+KSYHEX.h"; path = "Category/UIColor+KSYHEX.h"; sourceTree = "<group>"; };
		3F307F301F5673840023249C /* UIColor+KSYHEX.m */ = {isa = PBXFileReference; fileEncoding = 4; lastKnownFileType = sourcecode.c.objc; name = "UIColor+KSYHEX.m"; path = "Category/UIColor+KSYHEX.m"; sourceTree = "<group>"; };
		3F353B151F46CEC000E6CDC8 /* KSYEditAnimateImageCell.h */ = {isa = PBXFileReference; fileEncoding = 4; lastKnownFileType = sourcecode.c.h; path = KSYEditAnimateImageCell.h; sourceTree = "<group>"; };
		3F353B161F46CEC000E6CDC8 /* KSYEditAnimateImageCell.m */ = {isa = PBXFileReference; fileEncoding = 4; lastKnownFileType = sourcecode.c.objc; path = KSYEditAnimateImageCell.m; sourceTree = "<group>"; };
		3F353B171F46CEC000E6CDC8 /* KSYEditAnimateImageCell.xib */ = {isa = PBXFileReference; fileEncoding = 4; lastKnownFileType = file.xib; path = KSYEditAnimateImageCell.xib; sourceTree = "<group>"; };
		3F35AF721F0E2B7B00BB57FC /* KSYCfgViewController.h */ = {isa = PBXFileReference; fileEncoding = 4; lastKnownFileType = sourcecode.c.h; path = KSYCfgViewController.h; sourceTree = "<group>"; };
		3F35AF731F0E2B7B00BB57FC /* KSYCfgViewController.m */ = {isa = PBXFileReference; fileEncoding = 4; lastKnownFileType = sourcecode.c.objc; path = KSYCfgViewController.m; sourceTree = "<group>"; };
		3F35AF741F0E2B7B00BB57FC /* KSYCfgViewController.xib */ = {isa = PBXFileReference; fileEncoding = 4; lastKnownFileType = file.xib; path = KSYCfgViewController.xib; sourceTree = "<group>"; };
		3F4629671F14D848003815A7 /* KSYBgMusicModel.h */ = {isa = PBXFileReference; fileEncoding = 4; lastKnownFileType = sourcecode.c.h; path = KSYBgMusicModel.h; sourceTree = "<group>"; };
		3F4629681F14D848003815A7 /* KSYBgMusicModel.m */ = {isa = PBXFileReference; fileEncoding = 4; lastKnownFileType = sourcecode.c.objc; path = KSYBgMusicModel.m; sourceTree = "<group>"; };
		3F46296A1F14D8A7003815A7 /* KSYBgmCell.h */ = {isa = PBXFileReference; fileEncoding = 4; lastKnownFileType = sourcecode.c.h; path = KSYBgmCell.h; sourceTree = "<group>"; };
		3F46296B1F14D8A7003815A7 /* KSYBgmCell.m */ = {isa = PBXFileReference; fileEncoding = 4; lastKnownFileType = sourcecode.c.objc; path = KSYBgmCell.m; sourceTree = "<group>"; };
		3F46296C1F14D8A7003815A7 /* KSYBgmCell.xib */ = {isa = PBXFileReference; fileEncoding = 4; lastKnownFileType = file.xib; path = KSYBgmCell.xib; sourceTree = "<group>"; };
		3F46296F1F14DA1D003815A7 /* KSYBgmLayout.h */ = {isa = PBXFileReference; fileEncoding = 4; lastKnownFileType = sourcecode.c.h; path = KSYBgmLayout.h; sourceTree = "<group>"; };
		3F4629701F14DA1D003815A7 /* KSYBgmLayout.m */ = {isa = PBXFileReference; fileEncoding = 4; lastKnownFileType = sourcecode.c.objc; path = KSYBgmLayout.m; sourceTree = "<group>"; };
		3F4629791F14FD72003815A7 /* KSYRecordAudioEffectView.h */ = {isa = PBXFileReference; fileEncoding = 4; lastKnownFileType = sourcecode.c.h; path = KSYRecordAudioEffectView.h; sourceTree = "<group>"; };
		3F46297A1F14FD72003815A7 /* KSYRecordAudioEffectView.m */ = {isa = PBXFileReference; fileEncoding = 4; lastKnownFileType = sourcecode.c.objc; path = KSYRecordAudioEffectView.m; sourceTree = "<group>"; };
		3F51CF641F0E37750040AC22 /* KSYRecordViewController.h */ = {isa = PBXFileReference; fileEncoding = 4; lastKnownFileType = sourcecode.c.h; path = KSYRecordViewController.h; sourceTree = "<group>"; };
		3F51CF651F0E37750040AC22 /* KSYRecordViewController.m */ = {isa = PBXFileReference; fileEncoding = 4; lastKnownFileType = sourcecode.c.objc; path = KSYRecordViewController.m; sourceTree = "<group>"; };
		3F5E2EC21F186ADC002C490A /* KSYEditStickerCell.h */ = {isa = PBXFileReference; fileEncoding = 4; lastKnownFileType = sourcecode.c.h; path = KSYEditStickerCell.h; sourceTree = "<group>"; };
		3F5E2EC31F186ADC002C490A /* KSYEditStickerCell.m */ = {isa = PBXFileReference; fileEncoding = 4; lastKnownFileType = sourcecode.c.objc; path = KSYEditStickerCell.m; sourceTree = "<group>"; };
		3F5E2EC41F186ADC002C490A /* KSYEditStickerCell.xib */ = {isa = PBXFileReference; fileEncoding = 4; lastKnownFileType = file.xib; path = KSYEditStickerCell.xib; sourceTree = "<group>"; };
		3F5E2EC71F189AAD002C490A /* KSYEditStickDelegate.h */ = {isa = PBXFileReference; fileEncoding = 4; lastKnownFileType = sourcecode.c.h; path = KSYEditStickDelegate.h; sourceTree = "<group>"; };
		3F5E2EC81F18A104002C490A /* KSYEditStickerCollectionViewCell.h */ = {isa = PBXFileReference; fileEncoding = 4; lastKnownFileType = sourcecode.c.h; path = KSYEditStickerCollectionViewCell.h; sourceTree = "<group>"; };
		3F5E2EC91F18A104002C490A /* KSYEditStickerCollectionViewCell.m */ = {isa = PBXFileReference; fileEncoding = 4; lastKnownFileType = sourcecode.c.objc; path = KSYEditStickerCollectionViewCell.m; sourceTree = "<group>"; };
		3F5E2ECA1F18A104002C490A /* KSYEditStickerCollectionViewCell.xib */ = {isa = PBXFileReference; fileEncoding = 4; lastKnownFileType = file.xib; path = KSYEditStickerCollectionViewCell.xib; sourceTree = "<group>"; };
		3F5E2ECD1F18A405002C490A /* KSYEditSubtitleCell.h */ = {isa = PBXFileReference; fileEncoding = 4; lastKnownFileType = sourcecode.c.h; path = KSYEditSubtitleCell.h; sourceTree = "<group>"; };
		3F5E2ECE1F18A405002C490A /* KSYEditSubtitleCell.m */ = {isa = PBXFileReference; fileEncoding = 4; lastKnownFileType = sourcecode.c.objc; path = KSYEditSubtitleCell.m; sourceTree = "<group>"; };
		3F5E2ECF1F18A405002C490A /* KSYEditSubtitleCell.xib */ = {isa = PBXFileReference; fileEncoding = 4; lastKnownFileType = file.xib; path = KSYEditSubtitleCell.xib; sourceTree = "<group>"; };
		3F5E2ED21F18AAA5002C490A /* KSYEditWatermarkCell.h */ = {isa = PBXFileReference; fileEncoding = 4; lastKnownFileType = sourcecode.c.h; path = KSYEditWatermarkCell.h; sourceTree = "<group>"; };
		3F5E2ED31F18AAA5002C490A /* KSYEditWatermarkCell.m */ = {isa = PBXFileReference; fileEncoding = 4; lastKnownFileType = sourcecode.c.objc; path = KSYEditWatermarkCell.m; sourceTree = "<group>"; };
		3F5E2ED41F18AAA5002C490A /* KSYEditWatermarkCell.xib */ = {isa = PBXFileReference; fileEncoding = 4; lastKnownFileType = file.xib; path = KSYEditWatermarkCell.xib; sourceTree = "<group>"; };
		3F5E2ED71F18AFAC002C490A /* KSYEditWatermarkCellDelegate.h */ = {isa = PBXFileReference; fileEncoding = 4; lastKnownFileType = sourcecode.c.h; path = KSYEditWatermarkCellDelegate.h; sourceTree = "<group>"; };
		3F5E2ED81F18BE73002C490A /* KSYEditVideoTrimCell.h */ = {isa = PBXFileReference; fileEncoding = 4; lastKnownFileType = sourcecode.c.h; path = KSYEditVideoTrimCell.h; sourceTree = "<group>"; };
		3F5E2ED91F18BE73002C490A /* KSYEditVideoTrimCell.m */ = {isa = PBXFileReference; fileEncoding = 4; lastKnownFileType = sourcecode.c.objc; path = KSYEditVideoTrimCell.m; sourceTree = "<group>"; };
		3F5E2EDA1F18BE73002C490A /* KSYEditVideoTrimCell.xib */ = {isa = PBXFileReference; fileEncoding = 4; lastKnownFileType = file.xib; path = KSYEditVideoTrimCell.xib; sourceTree = "<group>"; };
		3F71E0F01F4AD74E005053A9 /* dynamic_image6.png */ = {isa = PBXFileReference; lastKnownFileType = image.png; path = dynamic_image6.png; sourceTree = "<group>"; };
		3F71E0F11F4AD74E005053A9 /* dynamic_image7.png */ = {isa = PBXFileReference; lastKnownFileType = image.png; path = dynamic_image7.png; sourceTree = "<group>"; };
		3F71E0F21F4AD74E005053A9 /* dynamic_image8.png */ = {isa = PBXFileReference; lastKnownFileType = image.png; path = dynamic_image8.png; sourceTree = "<group>"; };
		3F71E0F31F4AD74E005053A9 /* dynamic_image9.png */ = {isa = PBXFileReference; lastKnownFileType = image.png; path = dynamic_image9.png; sourceTree = "<group>"; };
		3F71E0F41F4AD74E005053A9 /* dynamic_image10.png */ = {isa = PBXFileReference; lastKnownFileType = image.png; path = dynamic_image10.png; sourceTree = "<group>"; };
		3F7EDA951F28724300C6DE6E /* KSYEditSpeedLevelModel.h */ = {isa = PBXFileReference; fileEncoding = 4; lastKnownFileType = sourcecode.c.h; path = KSYEditSpeedLevelModel.h; sourceTree = "<group>"; };
		3F7EDA961F28724300C6DE6E /* KSYEditSpeedLevelModel.m */ = {isa = PBXFileReference; fileEncoding = 4; lastKnownFileType = sourcecode.c.objc; path = KSYEditSpeedLevelModel.m; sourceTree = "<group>"; };
		3F8689B71F1632F100DBDFED /* KSYEditPanelView.h */ = {isa = PBXFileReference; fileEncoding = 4; lastKnownFileType = sourcecode.c.h; path = KSYEditPanelView.h; sourceTree = "<group>"; };
		3F8689B81F1632F100DBDFED /* KSYEditPanelView.m */ = {isa = PBXFileReference; fileEncoding = 4; lastKnownFileType = sourcecode.c.objc; path = KSYEditPanelView.m; sourceTree = "<group>"; };
		3F8818751F4C206D00CE1A23 /* KSYNavigationController.h */ = {isa = PBXFileReference; fileEncoding = 4; lastKnownFileType = sourcecode.c.h; path = KSYNavigationController.h; sourceTree = "<group>"; };
		3F8818761F4C206D00CE1A23 /* KSYNavigationController.m */ = {isa = PBXFileReference; fileEncoding = 4; lastKnownFileType = sourcecode.c.objc; path = KSYNavigationController.m; sourceTree = "<group>"; };
		3F9BA29F1F1F467B000101E8 /* KSYEditAudioTrimView.h */ = {isa = PBXFileReference; fileEncoding = 4; lastKnownFileType = sourcecode.c.h; path = KSYEditAudioTrimView.h; sourceTree = "<group>"; };
		3F9BA2A01F1F467B000101E8 /* KSYEditAudioTrimView.m */ = {isa = PBXFileReference; fileEncoding = 4; lastKnownFileType = sourcecode.c.objc; path = KSYEditAudioTrimView.m; sourceTree = "<group>"; };
		3F9D7F641F0FA4D800BAB65E /* KSYBeautyFilterCell.h */ = {isa = PBXFileReference; fileEncoding = 4; lastKnownFileType = sourcecode.c.h; path = KSYBeautyFilterCell.h; sourceTree = "<group>"; };
		3F9D7F651F0FA4D800BAB65E /* KSYBeautyFilterCell.m */ = {isa = PBXFileReference; fileEncoding = 4; lastKnownFileType = sourcecode.c.objc; path = KSYBeautyFilterCell.m; sourceTree = "<group>"; };
		3F9D7F661F0FA4D800BAB65E /* KSYBeautyFilterCell.xib */ = {isa = PBXFileReference; fileEncoding = 4; lastKnownFileType = file.xib; path = KSYBeautyFilterCell.xib; sourceTree = "<group>"; };
		3FA657B01F46F44100C1B7C8 /* dynamic_image1.gif */ = {isa = PBXFileReference; lastKnownFileType = image.gif; path = dynamic_image1.gif; sourceTree = "<group>"; };
		3FA657B11F46F44100C1B7C8 /* dynamic_image2.gif */ = {isa = PBXFileReference; lastKnownFileType = image.gif; path = dynamic_image2.gif; sourceTree = "<group>"; };
		3FA657B21F46F44100C1B7C8 /* dynamic_image3.gif */ = {isa = PBXFileReference; lastKnownFileType = image.gif; path = dynamic_image3.gif; sourceTree = "<group>"; };
		3FA657B31F46F44100C1B7C8 /* dynamic_image4.gif */ = {isa = PBXFileReference; lastKnownFileType = image.gif; path = dynamic_image4.gif; sourceTree = "<group>"; };
		3FA657B41F46F44100C1B7C8 /* dynamic_image5.gif */ = {isa = PBXFileReference; lastKnownFileType = image.gif; path = dynamic_image5.gif; sourceTree = "<group>"; };
		3FAA58D81F0BB5D8002704A1 /* RecordConfigModel.h */ = {isa = PBXFileReference; fileEncoding = 4; lastKnownFileType = sourcecode.c.h; path = RecordConfigModel.h; sourceTree = "<group>"; };
		3FAA58D91F0BB5D8002704A1 /* RecordConfigModel.m */ = {isa = PBXFileReference; fileEncoding = 4; lastKnownFileType = sourcecode.c.objc; path = RecordConfigModel.m; sourceTree = "<group>"; };
		3FAA58DB1F0BB5EC002704A1 /* OutputModel.h */ = {isa = PBXFileReference; fileEncoding = 4; lastKnownFileType = sourcecode.c.h; path = OutputModel.h; sourceTree = "<group>"; };
		3FAA58DC1F0BB5EC002704A1 /* OutputModel.m */ = {isa = PBXFileReference; fileEncoding = 4; lastKnownFileType = sourcecode.c.objc; path = OutputModel.m; sourceTree = "<group>"; };
		3FB285631F17942D005077E8 /* KSYEditBGMCell.h */ = {isa = PBXFileReference; fileEncoding = 4; lastKnownFileType = sourcecode.c.h; path = KSYEditBGMCell.h; sourceTree = "<group>"; };
		3FB285641F17942D005077E8 /* KSYEditBGMCell.m */ = {isa = PBXFileReference; fileEncoding = 4; lastKnownFileType = sourcecode.c.objc; path = KSYEditBGMCell.m; sourceTree = "<group>"; };
		3FB285651F17942D005077E8 /* KSYEditBGMCell.xib */ = {isa = PBXFileReference; fileEncoding = 4; lastKnownFileType = file.xib; path = KSYEditBGMCell.xib; sourceTree = "<group>"; };
		3FB285681F1797B0005077E8 /* KSYBGMusicViewDelegate.h */ = {isa = PBXFileReference; fileEncoding = 4; lastKnownFileType = sourcecode.c.h; path = KSYBGMusicViewDelegate.h; sourceTree = "<group>"; };
		3FBB54F91F4D8EA9006015B5 /* BLSubstituteObject.h */ = {isa = PBXFileReference; fileEncoding = 4; lastKnownFileType = sourcecode.c.h; path = BLSubstituteObject.h; sourceTree = "<group>"; };
		3FBB54FA1F4D8EA9006015B5 /* UIView+BLLandscape.h */ = {isa = PBXFileReference; fileEncoding = 4; lastKnownFileType = sourcecode.c.h; path = "UIView+BLLandscape.h"; sourceTree = "<group>"; };
		3FBB54FB1F4D8EA9006015B5 /* UIView+BLLandscape.m */ = {isa = PBXFileReference; fileEncoding = 4; lastKnownFileType = sourcecode.c.objc; path = "UIView+BLLandscape.m"; sourceTree = "<group>"; };
		3FBB54FC1F4D8EA9006015B5 /* BLSubstituteObject.m */ = {isa = PBXFileReference; fileEncoding = 4; lastKnownFileType = sourcecode.c.objc; path = BLSubstituteObject.m; sourceTree = "<group>"; };
		3FBD343C1F1CD74D001047C8 /* KSYEditTrimDelegate.h */ = {isa = PBXFileReference; fileEncoding = 4; lastKnownFileType = sourcecode.c.h; path = KSYEditTrimDelegate.h; sourceTree = "<group>"; };
		3FBF9A481F14C2FD00B51F9A /* KSYBGMusicView.h */ = {isa = PBXFileReference; fileEncoding = 4; lastKnownFileType = sourcecode.c.h; path = KSYBGMusicView.h; sourceTree = "<group>"; };
		3FBF9A491F14C2FD00B51F9A /* KSYBGMusicView.m */ = {isa = PBXFileReference; fileEncoding = 4; lastKnownFileType = sourcecode.c.objc; path = KSYBGMusicView.m; sourceTree = "<group>"; };
		3FD1C4661F0B775A00ABAB61 /* PrefixHeader.pch */ = {isa = PBXFileReference; fileEncoding = 4; lastKnownFileType = sourcecode.c.h; path = PrefixHeader.pch; sourceTree = "<group>"; };
		3FD1C47D1F0B9F4800ABAB61 /* RecordConfigCell.h */ = {isa = PBXFileReference; fileEncoding = 4; lastKnownFileType = sourcecode.c.h; path = RecordConfigCell.h; sourceTree = "<group>"; };
		3FD1C47E1F0B9F4800ABAB61 /* RecordConfigCell.m */ = {isa = PBXFileReference; fileEncoding = 4; lastKnownFileType = sourcecode.c.objc; path = RecordConfigCell.m; sourceTree = "<group>"; };
		3FD1C47F1F0B9F4800ABAB61 /* RecordConfigCell.xib */ = {isa = PBXFileReference; fileEncoding = 4; lastKnownFileType = file.xib; path = RecordConfigCell.xib; sourceTree = "<group>"; };
		3FD1C4821F0B9F5D00ABAB61 /* OutputConfigCell.h */ = {isa = PBXFileReference; fileEncoding = 4; lastKnownFileType = sourcecode.c.h; path = OutputConfigCell.h; sourceTree = "<group>"; };
		3FD1C4831F0B9F5D00ABAB61 /* OutputConfigCell.m */ = {isa = PBXFileReference; fileEncoding = 4; lastKnownFileType = sourcecode.c.objc; path = OutputConfigCell.m; sourceTree = "<group>"; };
		3FD1C4841F0B9F5D00ABAB61 /* OutputConfigCell.xib */ = {isa = PBXFileReference; fileEncoding = 4; lastKnownFileType = file.xib; path = OutputConfigCell.xib; sourceTree = "<group>"; };
		3FDBD0FE1F1DDE7B0054ED78 /* KSYEditTimesCell.h */ = {isa = PBXFileReference; fileEncoding = 4; lastKnownFileType = sourcecode.c.h; path = KSYEditTimesCell.h; sourceTree = "<group>"; };
		3FDBD0FF1F1DDE7B0054ED78 /* KSYEditTimesCell.m */ = {isa = PBXFileReference; fileEncoding = 4; lastKnownFileType = sourcecode.c.objc; path = KSYEditTimesCell.m; sourceTree = "<group>"; };
		3FDBD1001F1DDE7B0054ED78 /* KSYEditTimesCell.xib */ = {isa = PBXFileReference; fileEncoding = 4; lastKnownFileType = file.xib; path = KSYEditTimesCell.xib; sourceTree = "<group>"; };
		3FDBD1041F1DFDCA0054ED78 /* KSYEditLevelDelegate.h */ = {isa = PBXFileReference; fileEncoding = 4; lastKnownFileType = sourcecode.c.h; path = KSYEditLevelDelegate.h; sourceTree = "<group>"; };
		3FDC439E1F2209D500A967A9 /* ReLogViewController.h */ = {isa = PBXFileReference; fileEncoding = 4; lastKnownFileType = sourcecode.c.h; path = ReLogViewController.h; sourceTree = "<group>"; };
		3FDC439F1F2209D500A967A9 /* ReLogViewController.m */ = {isa = PBXFileReference; fileEncoding = 4; lastKnownFileType = sourcecode.c.objc; path = ReLogViewController.m; sourceTree = "<group>"; };
		3FDC43A01F2209D500A967A9 /* ReLogViewController.xib */ = {isa = PBXFileReference; fileEncoding = 4; lastKnownFileType = file.xib; path = ReLogViewController.xib; sourceTree = "<group>"; };
		3FECA41B1F0A66450039F234 /* ScreeRotateViewController.h */ = {isa = PBXFileReference; fileEncoding = 4; lastKnownFileType = sourcecode.c.h; path = ScreeRotateViewController.h; sourceTree = "<group>"; };
		3FECA41C1F0A66450039F234 /* ScreeRotateViewController.m */ = {isa = PBXFileReference; fileEncoding = 4; lastKnownFileType = sourcecode.c.objc; path = ScreeRotateViewController.m; sourceTree = "<group>"; };
		3FECA41D1F0A66450039F234 /* ScreeRotateViewController.xib */ = {isa = PBXFileReference; fileEncoding = 4; lastKnownFileType = file.xib; path = ScreeRotateViewController.xib; sourceTree = "<group>"; };
		3FECA41E1F0A66450039F234 /* SlideInPresentationAnimator.h */ = {isa = PBXFileReference; fileEncoding = 4; lastKnownFileType = sourcecode.c.h; path = SlideInPresentationAnimator.h; sourceTree = "<group>"; };
		3FECA41F1F0A66450039F234 /* SlideInPresentationAnimator.m */ = {isa = PBXFileReference; fileEncoding = 4; lastKnownFileType = sourcecode.c.objc; path = SlideInPresentationAnimator.m; sourceTree = "<group>"; };
		3FECA4201F0A66450039F234 /* SlideInPresentationController.h */ = {isa = PBXFileReference; fileEncoding = 4; lastKnownFileType = sourcecode.c.h; path = SlideInPresentationController.h; sourceTree = "<group>"; };
		3FECA4211F0A66450039F234 /* SlideInPresentationController.m */ = {isa = PBXFileReference; fileEncoding = 4; lastKnownFileType = sourcecode.c.objc; path = SlideInPresentationController.m; sourceTree = "<group>"; };
		3FECA4221F0A66450039F234 /* SlideInPresentationManager.h */ = {isa = PBXFileReference; fileEncoding = 4; lastKnownFileType = sourcecode.c.h; path = SlideInPresentationManager.h; sourceTree = "<group>"; };
		3FECA4231F0A66450039F234 /* SlideInPresentationManager.m */ = {isa = PBXFileReference; fileEncoding = 4; lastKnownFileType = sourcecode.c.objc; path = SlideInPresentationManager.m; sourceTree = "<group>"; };
		3FF4B7D71F31D5A400128EEB /* KSYTimelineMediaInfo.h */ = {isa = PBXFileReference; fileEncoding = 4; lastKnownFileType = sourcecode.c.h; path = KSYTimelineMediaInfo.h; sourceTree = "<group>"; };
		3FF4B7D81F31D5A400128EEB /* KSYTimelineMediaInfo.m */ = {isa = PBXFileReference; fileEncoding = 4; lastKnownFileType = sourcecode.c.objc; path = KSYTimelineMediaInfo.m; sourceTree = "<group>"; };
		3FF4B7D91F31D5A400128EEB /* KSYTimelineView.h */ = {isa = PBXFileReference; fileEncoding = 4; lastKnownFileType = sourcecode.c.h; path = KSYTimelineView.h; sourceTree = "<group>"; };
		3FF4B7DA1F31D5A400128EEB /* KSYTimelineView.m */ = {isa = PBXFileReference; fileEncoding = 4; lastKnownFileType = sourcecode.c.objc; path = KSYTimelineView.m; sourceTree = "<group>"; };
		3FF4B7E01F31DDA400128EEB /* KSYTimelineItemCell.h */ = {isa = PBXFileReference; fileEncoding = 4; lastKnownFileType = sourcecode.c.h; path = KSYTimelineItemCell.h; sourceTree = "<group>"; };
		3FF4B7E11F31DDA400128EEB /* KSYTimelineItemCell.m */ = {isa = PBXFileReference; fileEncoding = 4; lastKnownFileType = sourcecode.c.objc; path = KSYTimelineItemCell.m; sourceTree = "<group>"; };
		3FF4B7E31F31E0A000128EEB /* KSYTimelineComposition.h */ = {isa = PBXFileReference; fileEncoding = 4; lastKnownFileType = sourcecode.c.h; path = KSYTimelineComposition.h; sourceTree = "<group>"; };
		3FF4B7E41F31E0A000128EEB /* KSYTimelineComposition.m */ = {isa = PBXFileReference; fileEncoding = 4; lastKnownFileType = sourcecode.c.objc; path = KSYTimelineComposition.m; sourceTree = "<group>"; };
		AC66ED77B514E5501EDFCBFB /* Pods-demo.release.xcconfig */ = {isa = PBXFileReference; includeInIndex = 1; lastKnownFileType = text.xcconfig; name = "Pods-demo.release.xcconfig"; path = "Pods/Target Support Files/Pods-demo/Pods-demo.release.xcconfig"; sourceTree = "<group>"; };
		B1EE5108D1B8DF07D000EE08 /* Pods-demo.debug.xcconfig */ = {isa = PBXFileReference; includeInIndex = 1; lastKnownFileType = text.xcconfig; name = "Pods-demo.debug.xcconfig"; path = "Pods/Target Support Files/Pods-demo/Pods-demo.debug.xcconfig"; sourceTree = "<group>"; };
		C30147BB1F0E165C00CE0953 /* KSYRecordViewController.xib */ = {isa = PBXFileReference; lastKnownFileType = file.xib; path = KSYRecordViewController.xib; sourceTree = "<group>"; };
		C30147C31F0E2CC300CE0953 /* libz.tbd */ = {isa = PBXFileReference; lastKnownFileType = "sourcecode.text-based-dylib-definition"; name = libz.tbd; path = usr/lib/libz.tbd; sourceTree = SDKROOT; };
		C30147C91F0E409900CE0953 /* RecordProgressView.h */ = {isa = PBXFileReference; lastKnownFileType = sourcecode.c.h; path = RecordProgressView.h; sourceTree = "<group>"; };
		C30147CA1F0E409900CE0953 /* RecordProgressView.m */ = {isa = PBXFileReference; lastKnownFileType = sourcecode.c.objc; path = RecordProgressView.m; sourceTree = "<group>"; };
		C30147D31F0F726100CE0953 /* KSYEditViewController.h */ = {isa = PBXFileReference; lastKnownFileType = sourcecode.c.h; path = KSYEditViewController.h; sourceTree = "<group>"; };
		C30147D41F0F726100CE0953 /* KSYEditViewController.m */ = {isa = PBXFileReference; lastKnownFileType = sourcecode.c.objc; path = KSYEditViewController.m; sourceTree = "<group>"; };
		C30147D51F0F726100CE0953 /* KSYEditViewController.xib */ = {isa = PBXFileReference; lastKnownFileType = file.xib; path = KSYEditViewController.xib; sourceTree = "<group>"; };
		C30E6AF81F0A61A000E249BD /* demo.app */ = {isa = PBXFileReference; explicitFileType = wrapper.application; includeInIndex = 0; path = demo.app; sourceTree = BUILT_PRODUCTS_DIR; };
		C30E6AFC1F0A61A000E249BD /* main.m */ = {isa = PBXFileReference; lastKnownFileType = sourcecode.c.objc; path = main.m; sourceTree = "<group>"; };
		C30E6AFE1F0A61A000E249BD /* AppDelegate.h */ = {isa = PBXFileReference; lastKnownFileType = sourcecode.c.h; path = AppDelegate.h; sourceTree = "<group>"; };
		C30E6AFF1F0A61A000E249BD /* AppDelegate.m */ = {isa = PBXFileReference; lastKnownFileType = sourcecode.c.objc; path = AppDelegate.m; sourceTree = "<group>"; };
		C30E6B011F0A61A000E249BD /* ViewController.h */ = {isa = PBXFileReference; lastKnownFileType = sourcecode.c.h; path = ViewController.h; sourceTree = "<group>"; };
		C30E6B021F0A61A000E249BD /* ViewController.m */ = {isa = PBXFileReference; lastKnownFileType = sourcecode.c.objc; path = ViewController.m; sourceTree = "<group>"; };
		C30E6B051F0A61A000E249BD /* Base */ = {isa = PBXFileReference; lastKnownFileType = file.storyboard; name = Base; path = Base.lproj/Main.storyboard; sourceTree = "<group>"; };
		C30E6B071F0A61A000E249BD /* Assets.xcassets */ = {isa = PBXFileReference; lastKnownFileType = folder.assetcatalog; path = Assets.xcassets; sourceTree = "<group>"; };
		C30E6B0A1F0A61A000E249BD /* Base */ = {isa = PBXFileReference; lastKnownFileType = file.storyboard; name = Base; path = Base.lproj/LaunchScreen.storyboard; sourceTree = "<group>"; };
		C30E6B0C1F0A61A000E249BD /* Info.plist */ = {isa = PBXFileReference; lastKnownFileType = text.plist.xml; path = Info.plist; sourceTree = "<group>"; };
		C380A0441F131BBC00D57EE1 /* KSYPlayViewController.h */ = {isa = PBXFileReference; fileEncoding = 4; lastKnownFileType = sourcecode.c.h; path = KSYPlayViewController.h; sourceTree = "<group>"; };
		C380A0451F131BBC00D57EE1 /* KSYPlayViewController.m */ = {isa = PBXFileReference; fileEncoding = 4; lastKnownFileType = sourcecode.c.objc; path = KSYPlayViewController.m; sourceTree = "<group>"; };
		C380A0461F131BBC00D57EE1 /* KSYPlayViewController.xib */ = {isa = PBXFileReference; fileEncoding = 4; lastKnownFileType = file.xib; path = KSYPlayViewController.xib; sourceTree = "<group>"; };
		C380A04D1F1364E300D57EE1 /* KSYDecalBGView.h */ = {isa = PBXFileReference; fileEncoding = 4; lastKnownFileType = sourcecode.c.h; path = KSYDecalBGView.h; sourceTree = "<group>"; };
		C380A04E1F1364E300D57EE1 /* KSYDecalBGView.m */ = {isa = PBXFileReference; fileEncoding = 4; lastKnownFileType = sourcecode.c.objc; path = KSYDecalBGView.m; sourceTree = "<group>"; };
		C380A04F1F1364E300D57EE1 /* KSYDecalView.h */ = {isa = PBXFileReference; fileEncoding = 4; lastKnownFileType = sourcecode.c.h; path = KSYDecalView.h; sourceTree = "<group>"; };
		C380A0501F1364E300D57EE1 /* KSYDecalView.m */ = {isa = PBXFileReference; fileEncoding = 4; lastKnownFileType = sourcecode.c.objc; path = KSYDecalView.m; sourceTree = "<group>"; };
		C380A0541F13778400D57EE1 /* KSYPublishViewController.h */ = {isa = PBXFileReference; fileEncoding = 4; lastKnownFileType = sourcecode.c.h; path = KSYPublishViewController.h; sourceTree = "<group>"; };
		C380A0551F13778400D57EE1 /* KSYPublishViewController.m */ = {isa = PBXFileReference; fileEncoding = 4; lastKnownFileType = sourcecode.c.objc; path = KSYPublishViewController.m; sourceTree = "<group>"; };
		C380A0561F13778400D57EE1 /* KSYPublishViewController.xib */ = {isa = PBXFileReference; fileEncoding = 4; lastKnownFileType = file.xib; path = KSYPublishViewController.xib; sourceTree = "<group>"; };
		C38BDF1C1F34964600215765 /* KSYDefines.h */ = {isa = PBXFileReference; fileEncoding = 4; lastKnownFileType = sourcecode.c.h; path = KSYDefines.h; sourceTree = "<group>"; };
		C3C50CA01F21A631000CEF97 /* faded_out.mp3 */ = {isa = PBXFileReference; lastKnownFileType = audio.mp3; path = faded_out.mp3; sourceTree = "<group>"; };
		C3C50CA11F21A631000CEF97 /* Hotel_California_out2.mp3 */ = {isa = PBXFileReference; lastKnownFileType = audio.mp3; path = Hotel_California_out2.mp3; sourceTree = "<group>"; };
		C3C50CA21F21A631000CEF97 /* Immortals_out.mp3 */ = {isa = PBXFileReference; lastKnownFileType = audio.mp3; path = Immortals_out.mp3; sourceTree = "<group>"; };
		C3DA80BB1F56E0F300033358 /* KSYGPUResource.bundle */ = {isa = PBXFileReference; lastKnownFileType = "wrapper.plug-in"; path = KSYGPUResource.bundle; sourceTree = SOURCE_ROOT; };
		C3DA80BD1F56E7A300033358 /* KSYMediaEditorKit.framework */ = {isa = PBXFileReference; lastKnownFileType = wrapper.framework; name = KSYMediaEditorKit.framework; path = "../../../../Library/Developer/Xcode/DerivedData/demo-ajxlomfuegskcugefirhwaktowto/Build/Products/Debug-iphoneos/KSYMediaEditorKit.framework"; sourceTree = "<group>"; };
		C3F1CCC81F18C5B300DA3641 /* FilterManager.h */ = {isa = PBXFileReference; fileEncoding = 4; lastKnownFileType = sourcecode.c.h; name = FilterManager.h; path = demo/KMC/FilterManager.h; sourceTree = SOURCE_ROOT; };
		C3F1CCC91F18C5B300DA3641 /* FilterManager.m */ = {isa = PBXFileReference; fileEncoding = 4; lastKnownFileType = sourcecode.c.objc; name = FilterManager.m; path = demo/KMC/FilterManager.m; sourceTree = SOURCE_ROOT; };
		C3F1CCCA1F18C5B300DA3641 /* StickerCell.h */ = {isa = PBXFileReference; fileEncoding = 4; lastKnownFileType = sourcecode.c.h; name = StickerCell.h; path = demo/KMC/StickerCell.h; sourceTree = SOURCE_ROOT; };
		C3F1CCCB1F18C5B300DA3641 /* StickerCell.m */ = {isa = PBXFileReference; fileEncoding = 4; lastKnownFileType = sourcecode.c.objc; name = StickerCell.m; path = demo/KMC/StickerCell.m; sourceTree = SOURCE_ROOT; };
		C3F1CCCC1F18C5B300DA3641 /* StickerView.h */ = {isa = PBXFileReference; fileEncoding = 4; lastKnownFileType = sourcecode.c.h; name = StickerView.h; path = demo/KMC/StickerView.h; sourceTree = SOURCE_ROOT; };
		C3F1CCCD1F18C5B300DA3641 /* StickerView.m */ = {isa = PBXFileReference; fileEncoding = 4; lastKnownFileType = sourcecode.c.objc; name = StickerView.m; path = demo/KMC/StickerView.m; sourceTree = SOURCE_ROOT; };
		C3FE1C8A1F14E641001562CB /* AEModelTemplate.h */ = {isa = PBXFileReference; fileEncoding = 4; lastKnownFileType = sourcecode.c.h; path = AEModelTemplate.h; sourceTree = "<group>"; };
		C3FE1C8B1F14E641001562CB /* AEModelTemplate.m */ = {isa = PBXFileReference; fileEncoding = 4; lastKnownFileType = sourcecode.c.objc; path = AEModelTemplate.m; sourceTree = "<group>"; };
		EE9B598C3B146F102725538C /* libPods-demo.a */ = {isa = PBXFileReference; explicitFileType = archive.ar; includeInIndex = 0; path = "libPods-demo.a"; sourceTree = BUILT_PRODUCTS_DIR; };
/* End PBXFileReference section */

/* Begin PBXFrameworksBuildPhase section */
		C30E6AF51F0A61A000E249BD /* Frameworks */ = {
			isa = PBXFrameworksBuildPhase;
			buildActionMask = 2147483647;
			files = (
				C3DA80BE1F56E7A300033358 /* KSYMediaEditorKit.framework in Frameworks */,
				C380A0491F13622400D57EE1 /* libz.tbd in Frameworks */,
				167BD06FAEDAAB321244A63B /* libPods-demo.a in Frameworks */,
			);
			runOnlyForDeploymentPostprocessing = 0;
		};
/* End PBXFrameworksBuildPhase section */

/* Begin PBXGroup section */
		1B7E3FD8E25D3B8DBFDAA4CD /* Frameworks */ = {
			isa = PBXGroup;
			children = (
				C3DA80BD1F56E7A300033358 /* KSYMediaEditorKit.framework */,
				3F05E2721F14CA5400B852C7 /* libsqlite3.tbd */,
				3F05E2701F14CA4E00B852C7 /* libstdc++.tbd */,
				C30147C31F0E2CC300CE0953 /* libz.tbd */,
				EE9B598C3B146F102725538C /* libPods-demo.a */,
			);
			name = Frameworks;
			sourceTree = "<group>";
		};
		3F05E2631F14C9B600B852C7 /* 3rdPart */ = {
			isa = PBXGroup;
			children = (
				3F05E2641F14C9D600B852C7 /* KMC */,
			);
			name = 3rdPart;
			path = Component;
			sourceTree = "<group>";
		};
		3F05E2641F14C9D600B852C7 /* KMC */ = {
			isa = PBXGroup;
			children = (
				C3F1CCC81F18C5B300DA3641 /* FilterManager.h */,
				C3F1CCC91F18C5B300DA3641 /* FilterManager.m */,
				C3F1CCCA1F18C5B300DA3641 /* StickerCell.h */,
				C3F1CCCB1F18C5B300DA3641 /* StickerCell.m */,
				C3F1CCCC1F18C5B300DA3641 /* StickerView.h */,
				C3F1CCCD1F18C5B300DA3641 /* StickerView.m */,
			);
			path = KMC;
			sourceTree = "<group>";
		};
		3F10207F1F160A2000D068F8 /* Protocol */ = {
			isa = PBXGroup;
			children = (
				3F10207E1F160A0B00D068F8 /* KSYAudioEffectDelegate.h */,
				3FB285681F1797B0005077E8 /* KSYBGMusicViewDelegate.h */,
			);
			name = Protocol;
			sourceTree = "<group>";
		};
		3F1C457C1F1375420040C515 /* BeautyCell */ = {
			isa = PBXGroup;
			children = (
				3F9D7F641F0FA4D800BAB65E /* KSYBeautyFilterCell.h */,
				3F9D7F651F0FA4D800BAB65E /* KSYBeautyFilterCell.m */,
				3F9D7F661F0FA4D800BAB65E /* KSYBeautyFilterCell.xib */,
			);
			name = BeautyCell;
			sourceTree = "<group>";
		};
		3F1C457D1F1375490040C515 /* DynamicEffectCell */ = {
			isa = PBXGroup;
			children = (
				3F1C45931F1377040040C515 /* KSYDynamicEffectCell.h */,
				3F1C45941F1377040040C515 /* KSYDynamicEffectCell.m */,
				3F1C45951F1377040040C515 /* KSYDynamicEffectCell.xib */,
			);
			name = DynamicEffectCell;
			sourceTree = "<group>";
		};
		3F1C45831F1375910040C515 /* FilterCell */ = {
			isa = PBXGroup;
			children = (
				3F1C459D1F13772F0040C515 /* KSYFilterCell.h */,
				3F1C459E1F13772F0040C515 /* KSYFilterCell.m */,
				3F1C459F1F13772F0040C515 /* KSYFilterCell.xib */,
				3F1C45A21F1381BC0040C515 /* KSYFilterCollectionViewCell.h */,
				3F1C45A31F1381BC0040C515 /* KSYFilterCollectionViewCell.m */,
				3F1C45A41F1381BC0040C515 /* KSYFilterCollectionViewCell.xib */,
				3F1C45A71F1383170040C515 /* KSYFilterCollectionViewLayout.h */,
				3F1C45A81F1383170040C515 /* KSYFilterCollectionViewLayout.m */,
			);
			name = FilterCell;
			sourceTree = "<group>";
		};
		3F1C45AB1F13A3EE0040C515 /* Model */ = {
			isa = PBXGroup;
			children = (
				3F1C45AC1F13A4110040C515 /* KSYFilterModel.h */,
				3F1C45AD1F13A4110040C515 /* KSYFilterModel.m */,
				3F4629671F14D848003815A7 /* KSYBgMusicModel.h */,
				3F4629681F14D848003815A7 /* KSYBgMusicModel.m */,
			);
			name = Model;
			sourceTree = "<group>";
		};
		3F2CB3411F0CEA1900D4A8EF /* SlideInPresentation */ = {
			isa = PBXGroup;
			children = (
				3FECA41B1F0A66450039F234 /* ScreeRotateViewController.h */,
				3FECA41C1F0A66450039F234 /* ScreeRotateViewController.m */,
				3FECA41D1F0A66450039F234 /* ScreeRotateViewController.xib */,
				3FECA41E1F0A66450039F234 /* SlideInPresentationAnimator.h */,
				3FECA41F1F0A66450039F234 /* SlideInPresentationAnimator.m */,
				3FECA4201F0A66450039F234 /* SlideInPresentationController.h */,
				3FECA4211F0A66450039F234 /* SlideInPresentationController.m */,
				3FECA4221F0A66450039F234 /* SlideInPresentationManager.h */,
				3FECA4231F0A66450039F234 /* SlideInPresentationManager.m */,
			);
			name = SlideInPresentation;
			sourceTree = "<group>";
		};
		3F35AF711F0E2B5E00BB57FC /* ViewController */ = {
			isa = PBXGroup;
			children = (
				3F35AF721F0E2B7B00BB57FC /* KSYCfgViewController.h */,
				3F35AF731F0E2B7B00BB57FC /* KSYCfgViewController.m */,
				3F35AF741F0E2B7B00BB57FC /* KSYCfgViewController.xib */,
			);
			name = ViewController;
			sourceTree = "<group>";
		};
		3F4629781F14FD3C003815A7 /* AudioEffect */ = {
			isa = PBXGroup;
			children = (
				3F4629791F14FD72003815A7 /* KSYRecordAudioEffectView.h */,
				3F46297A1F14FD72003815A7 /* KSYRecordAudioEffectView.m */,
				3F1020691F15CFCA00D068F8 /* KSYRecordVoiceChangeCell.h */,
				3F10206A1F15CFCA00D068F8 /* KSYRecordVoiceChangeCell.m */,
				3F10206B1F15CFCA00D068F8 /* KSYRecordVoiceChangeCell.xib */,
				3F1020791F15FE4700D068F8 /* KSYRecordAECommonCell.h */,
				3F10207A1F15FE4700D068F8 /* KSYRecordAECommonCell.m */,
				3F10207B1F15FE4700D068F8 /* KSYRecordAECommonCell.xib */,
				3F10206E1F15D0C300D068F8 /* KSYRecordReverbCell.h */,
				3F10206F1F15D0C300D068F8 /* KSYRecordReverbCell.m */,
				3F1020701F15D0C300D068F8 /* KSYRecordReverbCell.xib */,
				3F1020731F15D4A200D068F8 /* KSYAudioEffectCommonLayout.h */,
				3F1020741F15D4A200D068F8 /* KSYAudioEffectCommonLayout.m */,
				3F1020661F15C3D600D068F8 /* KSYRecordAELayout.h */,
				3F1020671F15C3D600D068F8 /* KSYRecordAELayout.m */,
			);
			name = AudioEffect;
			sourceTree = "<group>";
		};
		3F51CF631F0E374B0040AC22 /* Record */ = {
			isa = PBXGroup;
			children = (
				C380A0591F13B0DF00D57EE1 /* View */,
				3F1C45AB1F13A3EE0040C515 /* Model */,
				3F51CF691F0E39440040AC22 /* ViewController */,
			);
			name = Record;
			sourceTree = "<group>";
		};
		3F51CF691F0E39440040AC22 /* ViewController */ = {
			isa = PBXGroup;
			children = (
				3F51CF641F0E37750040AC22 /* KSYRecordViewController.h */,
				3F51CF651F0E37750040AC22 /* KSYRecordViewController.m */,
				C30147BB1F0E165C00CE0953 /* KSYRecordViewController.xib */,
			);
			name = ViewController;
			sourceTree = "<group>";
		};
		3F5E2EDD1F18C37E002C490A /* SAVideoRangeSlider */ = {
			isa = PBXGroup;
			children = (
			);
			path = SAVideoRangeSlider;
			sourceTree = "<group>";
		};
		3F8689B61F1632BD00DBDFED /* Panel */ = {
			isa = PBXGroup;
			children = (
				3FDBD1031F1DFDA20054ED78 /* Protocols */,
				3F8689B71F1632F100DBDFED /* KSYEditPanelView.h */,
				3F8689B81F1632F100DBDFED /* KSYEditPanelView.m */,
				3FB285631F17942D005077E8 /* KSYEditBGMCell.h */,
				3FB285641F17942D005077E8 /* KSYEditBGMCell.m */,
				3FB285651F17942D005077E8 /* KSYEditBGMCell.xib */,
				3F5E2EC21F186ADC002C490A /* KSYEditStickerCell.h */,
				3F5E2EC31F186ADC002C490A /* KSYEditStickerCell.m */,
				3F5E2EC41F186ADC002C490A /* KSYEditStickerCell.xib */,
				3F5E2EC81F18A104002C490A /* KSYEditStickerCollectionViewCell.h */,
				3F5E2EC91F18A104002C490A /* KSYEditStickerCollectionViewCell.m */,
				3F5E2ECA1F18A104002C490A /* KSYEditStickerCollectionViewCell.xib */,
				3F5E2ECD1F18A405002C490A /* KSYEditSubtitleCell.h */,
				3F5E2ECE1F18A405002C490A /* KSYEditSubtitleCell.m */,
				3F5E2ECF1F18A405002C490A /* KSYEditSubtitleCell.xib */,
				3F353B151F46CEC000E6CDC8 /* KSYEditAnimateImageCell.h */,
				3F353B161F46CEC000E6CDC8 /* KSYEditAnimateImageCell.m */,
				3F353B171F46CEC000E6CDC8 /* KSYEditAnimateImageCell.xib */,
				3F5E2ED21F18AAA5002C490A /* KSYEditWatermarkCell.h */,
				3F5E2ED31F18AAA5002C490A /* KSYEditWatermarkCell.m */,
				3F5E2ED41F18AAA5002C490A /* KSYEditWatermarkCell.xib */,
				3F5E2ED81F18BE73002C490A /* KSYEditVideoTrimCell.h */,
				3F5E2ED91F18BE73002C490A /* KSYEditVideoTrimCell.m */,
				3F5E2EDA1F18BE73002C490A /* KSYEditVideoTrimCell.xib */,
				3F9BA29F1F1F467B000101E8 /* KSYEditAudioTrimView.h */,
				3F9BA2A01F1F467B000101E8 /* KSYEditAudioTrimView.m */,
				3FDBD0FE1F1DDE7B0054ED78 /* KSYEditTimesCell.h */,
				3FDBD0FF1F1DDE7B0054ED78 /* KSYEditTimesCell.m */,
				3FDBD1001F1DDE7B0054ED78 /* KSYEditTimesCell.xib */,
				3F24AD911F17A272006FEE76 /* KSYEditPanelCellLayout.h */,
				3F24AD921F17A272006FEE76 /* KSYEditPanelCellLayout.m */,
			);
			name = Panel;
			sourceTree = "<group>";
		};
		3F9D7F4B1F0F809B00BAB65E /* BeautyCells */ = {
			isa = PBXGroup;
			children = (
				3F1C457C1F1375420040C515 /* BeautyCell */,
				3F1C457D1F1375490040C515 /* DynamicEffectCell */,
				3F1C45831F1375910040C515 /* FilterCell */,
				3F1C45791F136EDC0040C515 /* KSYBeautyFlowLayout.h */,
				3F1C457A1F136EDC0040C515 /* KSYBeautyFlowLayout.m */,
			);
			name = BeautyCells;
			sourceTree = "<group>";
		};
		3F9D7F511F0F8D6900BAB65E /* Categorys */ = {
			isa = PBXGroup;
			children = (
				3F307F2F1F5673840023249C /* UIColor+KSYHEX.h */,
				3F307F301F5673840023249C /* UIColor+KSYHEX.m */,
			);
			name = Categorys;
			sourceTree = "<group>";
		};
		3FAA58D61F0BB5AB002704A1 /* View */ = {
			isa = PBXGroup;
			children = (
				3FD1C47D1F0B9F4800ABAB61 /* RecordConfigCell.h */,
				3FD1C47E1F0B9F4800ABAB61 /* RecordConfigCell.m */,
				3FD1C47F1F0B9F4800ABAB61 /* RecordConfigCell.xib */,
				3FD1C4821F0B9F5D00ABAB61 /* OutputConfigCell.h */,
				3FD1C4831F0B9F5D00ABAB61 /* OutputConfigCell.m */,
				3FD1C4841F0B9F5D00ABAB61 /* OutputConfigCell.xib */,
			);
			name = View;
			sourceTree = "<group>";
		};
		3FAA58D71F0BB5B3002704A1 /* Model */ = {
			isa = PBXGroup;
			children = (
				3FAA58D81F0BB5D8002704A1 /* RecordConfigModel.h */,
				3FAA58D91F0BB5D8002704A1 /* RecordConfigModel.m */,
				3FAA58DB1F0BB5EC002704A1 /* OutputModel.h */,
				3FAA58DC1F0BB5EC002704A1 /* OutputModel.m */,
			);
			name = Model;
			sourceTree = "<group>";
		};
		3FBB54F51F4D87AD006015B5 /* KSYLandscape */ = {
			isa = PBXGroup;
			children = (
				3FBB54F91F4D8EA9006015B5 /* BLSubstituteObject.h */,
				3FBB54FA1F4D8EA9006015B5 /* UIView+BLLandscape.h */,
				3FBB54FB1F4D8EA9006015B5 /* UIView+BLLandscape.m */,
				3FBB54FC1F4D8EA9006015B5 /* BLSubstituteObject.m */,
			);
			path = KSYLandscape;
			sourceTree = "<group>";
		};
		3FBF9A371F14AE5D00B51F9A /* BGMusic */ = {
			isa = PBXGroup;
			children = (
				3FBF9A481F14C2FD00B51F9A /* KSYBGMusicView.h */,
				3FBF9A491F14C2FD00B51F9A /* KSYBGMusicView.m */,
				3F46296A1F14D8A7003815A7 /* KSYBgmCell.h */,
				3F46296B1F14D8A7003815A7 /* KSYBgmCell.m */,
				3F46296C1F14D8A7003815A7 /* KSYBgmCell.xib */,
				3F46296F1F14DA1D003815A7 /* KSYBgmLayout.h */,
				3F4629701F14DA1D003815A7 /* KSYBgmLayout.m */,
			);
			name = BGMusic;
			sourceTree = "<group>";
		};
		3FD1C4771F0B9EFB00ABAB61 /* Config */ = {
			isa = PBXGroup;
			children = (
				3FAA58D71F0BB5B3002704A1 /* Model */,
				3FAA58D61F0BB5AB002704A1 /* View */,
				3F35AF711F0E2B5E00BB57FC /* ViewController */,
			);
			name = Config;
			sourceTree = "<group>";
		};
		3FDBD1031F1DFDA20054ED78 /* Protocols */ = {
			isa = PBXGroup;
			children = (
				3F5E2EC71F189AAD002C490A /* KSYEditStickDelegate.h */,
				3F5E2ED71F18AFAC002C490A /* KSYEditWatermarkCellDelegate.h */,
				3FBD343C1F1CD74D001047C8 /* KSYEditTrimDelegate.h */,
				3FDBD1041F1DFDCA0054ED78 /* KSYEditLevelDelegate.h */,
			);
			name = Protocols;
			sourceTree = "<group>";
		};
		3FDC43981F2204D200A967A9 /* Other */ = {
			isa = PBXGroup;
			children = (
				3FDC439E1F2209D500A967A9 /* ReLogViewController.h */,
				3FDC439F1F2209D500A967A9 /* ReLogViewController.m */,
				3FDC43A01F2209D500A967A9 /* ReLogViewController.xib */,
			);
			name = Other;
			sourceTree = "<group>";
		};
		3FECA41A1F0A66450039F234 /* Component */ = {
			isa = PBXGroup;
			children = (
				3FBB54F51F4D87AD006015B5 /* KSYLandscape */,
				3FF4B7D61F31D5A400128EEB /* KSYTimelineView */,
				3F5E2EDD1F18C37E002C490A /* SAVideoRangeSlider */,
				3F9D7F511F0F8D6900BAB65E /* Categorys */,
				3F2CB3411F0CEA1900D4A8EF /* SlideInPresentation */,
			);
			path = Component;
			sourceTree = "<group>";
		};
		3FF4B7D61F31D5A400128EEB /* KSYTimelineView */ = {
			isa = PBXGroup;
			children = (
				3FF4B7D91F31D5A400128EEB /* KSYTimelineView.h */,
				3FF4B7DA1F31D5A400128EEB /* KSYTimelineView.m */,
				3FF4B7E01F31DDA400128EEB /* KSYTimelineItemCell.h */,
				3FF4B7E11F31DDA400128EEB /* KSYTimelineItemCell.m */,
				3FF4B7D71F31D5A400128EEB /* KSYTimelineMediaInfo.h */,
				3FF4B7D81F31D5A400128EEB /* KSYTimelineMediaInfo.m */,
				3FF4B7E31F31E0A000128EEB /* KSYTimelineComposition.h */,
				3FF4B7E41F31E0A000128EEB /* KSYTimelineComposition.m */,
			);
			path = KSYTimelineView;
			sourceTree = "<group>";
		};
		9894028D7F1C537663B80CE3 /* Pods */ = {
			isa = PBXGroup;
			children = (
				B1EE5108D1B8DF07D000EE08 /* Pods-demo.debug.xcconfig */,
				AC66ED77B514E5501EDFCBFB /* Pods-demo.release.xcconfig */,
			);
			name = Pods;
			sourceTree = "<group>";
		};
		C30147B01F0E12FB00CE0953 /* Resources */ = {
			isa = PBXGroup;
			children = (
				3FA657B01F46F44100C1B7C8 /* dynamic_image1.gif */,
				3FA657B11F46F44100C1B7C8 /* dynamic_image2.gif */,
				3FA657B21F46F44100C1B7C8 /* dynamic_image3.gif */,
				3FA657B31F46F44100C1B7C8 /* dynamic_image4.gif */,
				3FA657B41F46F44100C1B7C8 /* dynamic_image5.gif */,
				3F71E0F01F4AD74E005053A9 /* dynamic_image6.png */,
				3F71E0F11F4AD74E005053A9 /* dynamic_image7.png */,
				3F71E0F21F4AD74E005053A9 /* dynamic_image8.png */,
				3F71E0F31F4AD74E005053A9 /* dynamic_image9.png */,
				3F71E0F41F4AD74E005053A9 /* dynamic_image10.png */,
				C3C50CA01F21A631000CEF97 /* faded_out.mp3 */,
				C3C50CA11F21A631000CEF97 /* Hotel_California_out2.mp3 */,
				C3C50CA21F21A631000CEF97 /* Immortals_out.mp3 */,
				C3DA80BB1F56E0F300033358 /* KSYGPUResource.bundle */,
				C30E6B071F0A61A000E249BD /* Assets.xcassets */,
			);
			path = Resources;
			sourceTree = "<group>";
		};
		C30147D21F0F6DA300CE0953 /* Edit */ = {
			isa = PBXGroup;
			children = (
				C3FE1C891F14E631001562CB /* Models */,
				C380A04B1F1364B800D57EE1 /* View */,
				C380A04A1F1364AC00D57EE1 /* ViewController */,
			);
			path = Edit;
			sourceTree = "<group>";
		};
		C30E6AEF1F0A61A000E249BD = {
			isa = PBXGroup;
			children = (
				C30E6AFA1F0A61A000E249BD /* demo */,
				C30E6AF91F0A61A000E249BD /* Products */,
				1B7E3FD8E25D3B8DBFDAA4CD /* Frameworks */,
				9894028D7F1C537663B80CE3 /* Pods */,
			);
			sourceTree = "<group>";
		};
		C30E6AF91F0A61A000E249BD /* Products */ = {
			isa = PBXGroup;
			children = (
				C30E6AF81F0A61A000E249BD /* demo.app */,
			);
			name = Products;
			sourceTree = "<group>";
		};
		C30E6AFA1F0A61A000E249BD /* demo */ = {
			isa = PBXGroup;
			children = (
				C30E6AFE1F0A61A000E249BD /* AppDelegate.h */,
				C30E6AFF1F0A61A000E249BD /* AppDelegate.m */,
				C30E6B011F0A61A000E249BD /* ViewController.h */,
				C30E6B021F0A61A000E249BD /* ViewController.m */,
				3F8818751F4C206D00CE1A23 /* KSYNavigationController.h */,
				3F8818761F4C206D00CE1A23 /* KSYNavigationController.m */,
				C30E6B041F0A61A000E249BD /* Main.storyboard */,
				C30E6B091F0A61A000E249BD /* LaunchScreen.storyboard */,
				3FD1C4771F0B9EFB00ABAB61 /* Config */,
				3F51CF631F0E374B0040AC22 /* Record */,
				C30147D21F0F6DA300CE0953 /* Edit */,
				C380A0531F13776D00D57EE1 /* Publish */,
				C3BF07761F13187100C9B961 /* Play */,
				3FDC43981F2204D200A967A9 /* Other */,
				3FECA41A1F0A66450039F234 /* Component */,
				3F05E2631F14C9B600B852C7 /* 3rdPart */,
				C30147B01F0E12FB00CE0953 /* Resources */,
				3FD1C4661F0B775A00ABAB61 /* PrefixHeader.pch */,
				C38BDF1C1F34964600215765 /* KSYDefines.h */,
				C30E6B0C1F0A61A000E249BD /* Info.plist */,
				C30E6AFB1F0A61A000E249BD /* Supporting Files */,
			);
			path = demo;
			sourceTree = "<group>";
		};
		C30E6AFB1F0A61A000E249BD /* Supporting Files */ = {
			isa = PBXGroup;
			children = (
				C30E6AFC1F0A61A000E249BD /* main.m */,
			);
			name = "Supporting Files";
			sourceTree = "<group>";
		};
		C380A04A1F1364AC00D57EE1 /* ViewController */ = {
			isa = PBXGroup;
			children = (
				C30147D31F0F726100CE0953 /* KSYEditViewController.h */,
				C30147D41F0F726100CE0953 /* KSYEditViewController.m */,
				C30147D51F0F726100CE0953 /* KSYEditViewController.xib */,
				3F0661C71F27499900663B81 /* KSYOutputCfgViewController.h */,
				3F0661C81F27499900663B81 /* KSYOutputCfgViewController.m */,
				3F0661C91F27499900663B81 /* KSYOutputCfgViewController.xib */,
			);
			name = ViewController;
			sourceTree = "<group>";
		};
		C380A04B1F1364B800D57EE1 /* View */ = {
			isa = PBXGroup;
			children = (
				3F8689B61F1632BD00DBDFED /* Panel */,
				C380A04C1F1364E300D57EE1 /* Decal */,
			);
			name = View;
			sourceTree = "<group>";
		};
		C380A04C1F1364E300D57EE1 /* Decal */ = {
			isa = PBXGroup;
			children = (
				C380A04D1F1364E300D57EE1 /* KSYDecalBGView.h */,
				C380A04E1F1364E300D57EE1 /* KSYDecalBGView.m */,
				C380A04F1F1364E300D57EE1 /* KSYDecalView.h */,
				C380A0501F1364E300D57EE1 /* KSYDecalView.m */,
			);
			path = Decal;
			sourceTree = "<group>";
		};
		C380A0531F13776D00D57EE1 /* Publish */ = {
			isa = PBXGroup;
			children = (
				C380A0541F13778400D57EE1 /* KSYPublishViewController.h */,
				C380A0551F13778400D57EE1 /* KSYPublishViewController.m */,
				C380A0561F13778400D57EE1 /* KSYPublishViewController.xib */,
			);
			name = Publish;
			sourceTree = "<group>";
		};
		C380A0591F13B0DF00D57EE1 /* View */ = {
			isa = PBXGroup;
			children = (
				3F10207F1F160A2000D068F8 /* Protocol */,
				3F4629781F14FD3C003815A7 /* AudioEffect */,
				3FBF9A371F14AE5D00B51F9A /* BGMusic */,
				3F9D7F4B1F0F809B00BAB65E /* BeautyCells */,
				C30147C91F0E409900CE0953 /* RecordProgressView.h */,
				C30147CA1F0E409900CE0953 /* RecordProgressView.m */,
			);
			name = View;
			sourceTree = "<group>";
		};
		C3BF07761F13187100C9B961 /* Play */ = {
			isa = PBXGroup;
			children = (
				C380A0441F131BBC00D57EE1 /* KSYPlayViewController.h */,
				C380A0451F131BBC00D57EE1 /* KSYPlayViewController.m */,
				C380A0461F131BBC00D57EE1 /* KSYPlayViewController.xib */,
			);
			path = Play;
			sourceTree = "<group>";
		};
		C3FE1C891F14E631001562CB /* Models */ = {
			isa = PBXGroup;
			children = (
				C3FE1C8A1F14E641001562CB /* AEModelTemplate.h */,
				C3FE1C8B1F14E641001562CB /* AEModelTemplate.m */,
				3F7EDA951F28724300C6DE6E /* KSYEditSpeedLevelModel.h */,
				3F7EDA961F28724300C6DE6E /* KSYEditSpeedLevelModel.m */,
			);
			name = Models;
			sourceTree = "<group>";
		};
/* End PBXGroup section */

/* Begin PBXNativeTarget section */
		C30E6AF71F0A61A000E249BD /* demo */ = {
			isa = PBXNativeTarget;
			buildConfigurationList = C30E6B0F1F0A61A000E249BD /* Build configuration list for PBXNativeTarget "demo" */;
			buildPhases = (
				9A6430F18450D7681D54C334 /* [CP] Check Pods Manifest.lock */,
				C30E6AF41F0A61A000E249BD /* Sources */,
				C30E6AF51F0A61A000E249BD /* Frameworks */,
				C30E6AF61F0A61A000E249BD /* Resources */,
				83A0FC0ED75B84725775863B /* [CP] Embed Pods Frameworks */,
				7EA6974627B78C3A944F676E /* [CP] Copy Pods Resources */,
			);
			buildRules = (
			);
			dependencies = (
			);
			name = demo;
			productName = demo;
			productReference = C30E6AF81F0A61A000E249BD /* demo.app */;
			productType = "com.apple.product-type.application";
		};
/* End PBXNativeTarget section */

/* Begin PBXProject section */
		C30E6AF01F0A61A000E249BD /* Project object */ = {
			isa = PBXProject;
			attributes = {
				LastUpgradeCheck = 0830;
				ORGANIZATIONNAME = com.ksyun;
				TargetAttributes = {
					C30E6AF71F0A61A000E249BD = {
						CreatedOnToolsVersion = 8.3.2;
						DevelopmentTeam = ZGJ54Q7R45;
						ProvisioningStyle = Automatic;
						SystemCapabilities = {
							com.apple.BackgroundModes = {
								enabled = 1;
							};
						};
					};
				};
			};
			buildConfigurationList = C30E6AF31F0A61A000E249BD /* Build configuration list for PBXProject "demo" */;
			compatibilityVersion = "Xcode 3.2";
			developmentRegion = English;
			hasScannedForEncodings = 0;
			knownRegions = (
				en,
				Base,
			);
			mainGroup = C30E6AEF1F0A61A000E249BD;
			productRefGroup = C30E6AF91F0A61A000E249BD /* Products */;
			projectDirPath = "";
			projectRoot = "";
			targets = (
				C30E6AF71F0A61A000E249BD /* demo */,
			);
		};
/* End PBXProject section */

/* Begin PBXResourcesBuildPhase section */
		C30E6AF61F0A61A000E249BD /* Resources */ = {
			isa = PBXResourcesBuildPhase;
			buildActionMask = 2147483647;
			files = (
				3F1020721F15D0C300D068F8 /* KSYRecordReverbCell.xib in Resources */,
				C30E6B0B1F0A61A000E249BD /* LaunchScreen.storyboard in Resources */,
				C30E6B081F0A61A000E249BD /* Assets.xcassets in Resources */,
				3F10206D1F15CFCA00D068F8 /* KSYRecordVoiceChangeCell.xib in Resources */,
				3FDBD1021F1DDE7B0054ED78 /* KSYEditTimesCell.xib in Resources */,
				3F5E2ED61F18AAA5002C490A /* KSYEditWatermarkCell.xib in Resources */,
				3F0661CB1F27499900663B81 /* KSYOutputCfgViewController.xib in Resources */,
				3F5E2EDC1F18BE73002C490A /* KSYEditVideoTrimCell.xib in Resources */,
				3FA657B81F46F44100C1B7C8 /* dynamic_image4.gif in Resources */,
				3F71E0F51F4AD74E005053A9 /* dynamic_image6.png in Resources */,
				3FA657B71F46F44100C1B7C8 /* dynamic_image3.gif in Resources */,
				C30147D71F0F726100CE0953 /* KSYEditViewController.xib in Resources */,
				3F46296E1F14D8A7003815A7 /* KSYBgmCell.xib in Resources */,
				3FA657B51F46F44100C1B7C8 /* dynamic_image1.gif in Resources */,
				3FD1C4811F0B9F4800ABAB61 /* RecordConfigCell.xib in Resources */,
				3F71E0F81F4AD74E005053A9 /* dynamic_image9.png in Resources */,
				3F5E2ED11F18A405002C490A /* KSYEditSubtitleCell.xib in Resources */,
				3F1C45A11F13772F0040C515 /* KSYFilterCell.xib in Resources */,
				3FECA4251F0A66450039F234 /* ScreeRotateViewController.xib in Resources */,
				C380A0581F13778400D57EE1 /* KSYPublishViewController.xib in Resources */,
				3F71E0F61F4AD74E005053A9 /* dynamic_image7.png in Resources */,
				3F71E0F71F4AD74E005053A9 /* dynamic_image8.png in Resources */,
				C3C50CA31F21A631000CEF97 /* faded_out.mp3 in Resources */,
				3F5E2ECC1F18A104002C490A /* KSYEditStickerCollectionViewCell.xib in Resources */,
				3F10207D1F15FE4700D068F8 /* KSYRecordAECommonCell.xib in Resources */,
				C30147BD1F0E165C00CE0953 /* KSYRecordViewController.xib in Resources */,
				3F353B191F46CEC000E6CDC8 /* KSYEditAnimateImageCell.xib in Resources */,
				3FDC43A21F2209D500A967A9 /* ReLogViewController.xib in Resources */,
				3FD1C4861F0B9F5D00ABAB61 /* OutputConfigCell.xib in Resources */,
				C3DA80BC1F56E0F300033358 /* KSYGPUResource.bundle in Resources */,
				3F71E0F91F4AD74E005053A9 /* dynamic_image10.png in Resources */,
				3FA657B91F46F44100C1B7C8 /* dynamic_image5.gif in Resources */,
				3FA657B61F46F44100C1B7C8 /* dynamic_image2.gif in Resources */,
				3F1C45971F1377040040C515 /* KSYDynamicEffectCell.xib in Resources */,
				3F1C45A61F1381BC0040C515 /* KSYFilterCollectionViewCell.xib in Resources */,
				3F5E2EC61F186ADC002C490A /* KSYEditStickerCell.xib in Resources */,
				3FB285671F17942D005077E8 /* KSYEditBGMCell.xib in Resources */,
				C30E6B061F0A61A000E249BD /* Main.storyboard in Resources */,
				C380A0481F131BBC00D57EE1 /* KSYPlayViewController.xib in Resources */,
				C3C50CA41F21A631000CEF97 /* Hotel_California_out2.mp3 in Resources */,
				3F35AF761F0E2B7B00BB57FC /* KSYCfgViewController.xib in Resources */,
				C3C50CA51F21A631000CEF97 /* Immortals_out.mp3 in Resources */,
				3F9D7F681F0FA4D800BAB65E /* KSYBeautyFilterCell.xib in Resources */,
			);
			runOnlyForDeploymentPostprocessing = 0;
		};
/* End PBXResourcesBuildPhase section */

/* Begin PBXShellScriptBuildPhase section */
		7EA6974627B78C3A944F676E /* [CP] Copy Pods Resources */ = {
			isa = PBXShellScriptBuildPhase;
			buildActionMask = 2147483647;
			files = (
			);
			inputPaths = (
				"${SRCROOT}/Pods/Target Support Files/Pods-demo/Pods-demo-resources.sh",
				"$PODS_CONFIGURATION_BUILD_DIR/CTAssetsPickerController/CTAssetsPickerController.bundle",
				"${PODS_ROOT}/GPUImage/framework/Resources/lookup.png",
				"${PODS_ROOT}/GPUImage/framework/Resources/lookup_amatorka.png",
				"${PODS_ROOT}/GPUImage/framework/Resources/lookup_miss_etikate.png",
				"${PODS_ROOT}/GPUImage/framework/Resources/lookup_soft_elegance_1.png",
				"${PODS_ROOT}/GPUImage/framework/Resources/lookup_soft_elegance_2.png",
				"${PODS_ROOT}/KMCSTFilter/Resources/action3.3.0.model",
			);
			name = "[CP] Copy Pods Resources";
			outputPaths = (
				"${TARGET_BUILD_DIR}/${UNLOCALIZED_RESOURCES_FOLDER_PATH}",
			);
			runOnlyForDeploymentPostprocessing = 0;
			shellPath = /bin/sh;
			shellScript = "\"${SRCROOT}/Pods/Target Support Files/Pods-demo/Pods-demo-resources.sh\"\n";
			showEnvVarsInLog = 0;
		};
		83A0FC0ED75B84725775863B /* [CP] Embed Pods Frameworks */ = {
			isa = PBXShellScriptBuildPhase;
			buildActionMask = 2147483647;
			files = (
			);
			inputPaths = (
				"${SRCROOT}/Pods/Target Support Files/Pods-demo/Pods-demo-frameworks.sh",
				"${PODS_ROOT}/KMCVStab/framework/KMCVStab.framework",
			);
			name = "[CP] Embed Pods Frameworks";
			outputPaths = (
				"${TARGET_BUILD_DIR}/${FRAMEWORKS_FOLDER_PATH}/KMCVStab.framework",
			);
			runOnlyForDeploymentPostprocessing = 0;
			shellPath = /bin/sh;
			shellScript = "\"${SRCROOT}/Pods/Target Support Files/Pods-demo/Pods-demo-frameworks.sh\"\n";
			showEnvVarsInLog = 0;
		};
		9A6430F18450D7681D54C334 /* [CP] Check Pods Manifest.lock */ = {
			isa = PBXShellScriptBuildPhase;
			buildActionMask = 2147483647;
			files = (
			);
			inputPaths = (
				"${PODS_PODFILE_DIR_PATH}/Podfile.lock",
				"${PODS_ROOT}/Manifest.lock",
			);
			name = "[CP] Check Pods Manifest.lock";
			outputPaths = (
				"$(DERIVED_FILE_DIR)/Pods-demo-checkManifestLockResult.txt",
			);
			runOnlyForDeploymentPostprocessing = 0;
			shellPath = /bin/sh;
			shellScript = "diff \"${PODS_PODFILE_DIR_PATH}/Podfile.lock\" \"${PODS_ROOT}/Manifest.lock\" > /dev/null\nif [ $? != 0 ] ; then\n    # print error to STDERR\n    echo \"error: The sandbox is not in sync with the Podfile.lock. Run 'pod install' or update your CocoaPods installation.\" >&2\n    exit 1\nfi\n# This output is used by Xcode 'outputs' to avoid re-running this script phase.\necho \"SUCCESS\" > \"${SCRIPT_OUTPUT_FILE_0}\"\n";
			showEnvVarsInLog = 0;
		};
/* End PBXShellScriptBuildPhase section */

/* Begin PBXSourcesBuildPhase section */
		C30E6AF41F0A61A000E249BD /* Sources */ = {
			isa = PBXSourcesBuildPhase;
			buildActionMask = 2147483647;
			files = (
				3FF4B7DC1F31D5A400128EEB /* KSYTimelineView.m in Sources */,
				C30E6B031F0A61A000E249BD /* ViewController.m in Sources */,
				3F0661CA1F27499900663B81 /* KSYOutputCfgViewController.m in Sources */,
				3FF4B7E51F31E0A000128EEB /* KSYTimelineComposition.m in Sources */,
				3F5E2EDB1F18BE73002C490A /* KSYEditVideoTrimCell.m in Sources */,
				C3FE1C8C1F14E641001562CB /* AEModelTemplate.m in Sources */,
				3F5E2ECB1F18A104002C490A /* KSYEditStickerCollectionViewCell.m in Sources */,
				3F1C45961F1377040040C515 /* KSYDynamicEffectCell.m in Sources */,
				C3F1CCD01F18C5B300DA3641 /* StickerView.m in Sources */,
				C30E6B001F0A61A000E249BD /* AppDelegate.m in Sources */,
				3FF4B7E21F31DDA400128EEB /* KSYTimelineItemCell.m in Sources */,
				3F8818771F4C206D00CE1A23 /* KSYNavigationController.m in Sources */,
				3F9D7F671F0FA4D800BAB65E /* KSYBeautyFilterCell.m in Sources */,
				3F4629691F14D848003815A7 /* KSYBgMusicModel.m in Sources */,
				C3F1CCCE1F18C5B300DA3641 /* FilterManager.m in Sources */,
				3FAA58DD1F0BB5EC002704A1 /* OutputModel.m in Sources */,
				3FD1C4801F0B9F4800ABAB61 /* RecordConfigCell.m in Sources */,
				C3F1CCCF1F18C5B300DA3641 /* StickerCell.m in Sources */,
				3F9BA2A11F1F467B000101E8 /* KSYEditAudioTrimView.m in Sources */,
				3F5E2ED01F18A405002C490A /* KSYEditSubtitleCell.m in Sources */,
				3F7EDA971F28724300C6DE6E /* KSYEditSpeedLevelModel.m in Sources */,
				C380A0521F1364E300D57EE1 /* KSYDecalView.m in Sources */,
				3FD1C4851F0B9F5D00ABAB61 /* OutputConfigCell.m in Sources */,
				3F1C45A51F1381BC0040C515 /* KSYFilterCollectionViewCell.m in Sources */,
				3F46297B1F14FD72003815A7 /* KSYRecordAudioEffectView.m in Sources */,
				3F51CF671F0E37750040AC22 /* KSYRecordViewController.m in Sources */,
				3F1C457B1F136EDC0040C515 /* KSYBeautyFlowLayout.m in Sources */,
				3F1020711F15D0C300D068F8 /* KSYRecordReverbCell.m in Sources */,
				3FBB54FE1F4D8EA9006015B5 /* BLSubstituteObject.m in Sources */,
				3F8689B91F1632F100DBDFED /* KSYEditPanelView.m in Sources */,
				3FF4B7DB1F31D5A400128EEB /* KSYTimelineMediaInfo.m in Sources */,
				3F1C45A01F13772F0040C515 /* KSYFilterCell.m in Sources */,
				3F1C45AE1F13A4110040C515 /* KSYFilterModel.m in Sources */,
				3F10207C1F15FE4700D068F8 /* KSYRecordAECommonCell.m in Sources */,
				3FECA4241F0A66450039F234 /* ScreeRotateViewController.m in Sources */,
				3F24AD931F17A272006FEE76 /* KSYEditPanelCellLayout.m in Sources */,
				3FECA4281F0A66450039F234 /* SlideInPresentationManager.m in Sources */,
				3F5E2ED51F18AAA5002C490A /* KSYEditWatermarkCell.m in Sources */,
				3F1020751F15D4A200D068F8 /* KSYAudioEffectCommonLayout.m in Sources */,
				3FAA58DA1F0BB5D8002704A1 /* RecordConfigModel.m in Sources */,
				3F5E2EC51F186ADC002C490A /* KSYEditStickerCell.m in Sources */,
				3FDBD1011F1DDE7B0054ED78 /* KSYEditTimesCell.m in Sources */,
				C380A0511F1364E300D57EE1 /* KSYDecalBGView.m in Sources */,
				3F46296D1F14D8A7003815A7 /* KSYBgmCell.m in Sources */,
				3FECA4261F0A66450039F234 /* SlideInPresentationAnimator.m in Sources */,
				3FECA4271F0A66450039F234 /* SlideInPresentationController.m in Sources */,
				3F1C45A91F1383170040C515 /* KSYFilterCollectionViewLayout.m in Sources */,
				3F353B181F46CEC000E6CDC8 /* KSYEditAnimateImageCell.m in Sources */,
				C30147CB1F0E409900CE0953 /* RecordProgressView.m in Sources */,
				3F307F311F5673840023249C /* UIColor+KSYHEX.m in Sources */,
				3FBB54FD1F4D8EA9006015B5 /* UIView+BLLandscape.m in Sources */,
				3FB285661F17942D005077E8 /* KSYEditBGMCell.m in Sources */,
				3F4629711F14DA1D003815A7 /* KSYBgmLayout.m in Sources */,
				3F10206C1F15CFCA00D068F8 /* KSYRecordVoiceChangeCell.m in Sources */,
				3F1020681F15C3D600D068F8 /* KSYRecordAELayout.m in Sources */,
				3F35AF751F0E2B7B00BB57FC /* KSYCfgViewController.m in Sources */,
				C30147D61F0F726100CE0953 /* KSYEditViewController.m in Sources */,
				C380A0471F131BBC00D57EE1 /* KSYPlayViewController.m in Sources */,
				3FBF9A4A1F14C2FD00B51F9A /* KSYBGMusicView.m in Sources */,
				C30E6AFD1F0A61A000E249BD /* main.m in Sources */,
				3FDC43A11F2209D500A967A9 /* ReLogViewController.m in Sources */,
				C380A0571F13778400D57EE1 /* KSYPublishViewController.m in Sources */,
			);
			runOnlyForDeploymentPostprocessing = 0;
		};
/* End PBXSourcesBuildPhase section */

/* Begin PBXVariantGroup section */
		C30E6B041F0A61A000E249BD /* Main.storyboard */ = {
			isa = PBXVariantGroup;
			children = (
				C30E6B051F0A61A000E249BD /* Base */,
			);
			name = Main.storyboard;
			sourceTree = "<group>";
		};
		C30E6B091F0A61A000E249BD /* LaunchScreen.storyboard */ = {
			isa = PBXVariantGroup;
			children = (
				C30E6B0A1F0A61A000E249BD /* Base */,
			);
			name = LaunchScreen.storyboard;
			sourceTree = "<group>";
		};
/* End PBXVariantGroup section */

/* Begin XCBuildConfiguration section */
		C30E6B0D1F0A61A000E249BD /* Debug */ = {
			isa = XCBuildConfiguration;
			buildSettings = {
				ALWAYS_SEARCH_USER_PATHS = NO;
				CLANG_ANALYZER_NONNULL = YES;
				CLANG_ANALYZER_NUMBER_OBJECT_CONVERSION = YES_AGGRESSIVE;
				CLANG_CXX_LANGUAGE_STANDARD = "gnu++0x";
				CLANG_CXX_LIBRARY = "libc++";
				CLANG_ENABLE_MODULES = YES;
				CLANG_ENABLE_OBJC_ARC = YES;
				CLANG_WARN_BOOL_CONVERSION = YES;
				CLANG_WARN_CONSTANT_CONVERSION = YES;
				CLANG_WARN_DIRECT_OBJC_ISA_USAGE = YES_ERROR;
				CLANG_WARN_DOCUMENTATION_COMMENTS = YES;
				CLANG_WARN_EMPTY_BODY = YES;
				CLANG_WARN_ENUM_CONVERSION = YES;
				CLANG_WARN_INFINITE_RECURSION = YES;
				CLANG_WARN_INT_CONVERSION = YES;
				CLANG_WARN_OBJC_ROOT_CLASS = YES_ERROR;
				CLANG_WARN_SUSPICIOUS_MOVE = YES;
				CLANG_WARN_UNREACHABLE_CODE = YES;
				CLANG_WARN__DUPLICATE_METHOD_MATCH = YES;
				"CODE_SIGN_IDENTITY[sdk=iphoneos*]" = "iPhone Developer";
				COPY_PHASE_STRIP = NO;
				DEBUG_INFORMATION_FORMAT = dwarf;
				ENABLE_STRICT_OBJC_MSGSEND = YES;
				ENABLE_TESTABILITY = YES;
				GCC_C_LANGUAGE_STANDARD = gnu99;
				GCC_DYNAMIC_NO_PIC = NO;
				GCC_NO_COMMON_BLOCKS = YES;
				GCC_OPTIMIZATION_LEVEL = 0;
				GCC_PREPROCESSOR_DEFINITIONS = (
					"DEBUG=1",
					"$(inherited)",
				);
				GCC_WARN_64_TO_32_BIT_CONVERSION = YES;
				GCC_WARN_ABOUT_RETURN_TYPE = YES_ERROR;
				GCC_WARN_UNDECLARED_SELECTOR = YES;
				GCC_WARN_UNINITIALIZED_AUTOS = YES_AGGRESSIVE;
				GCC_WARN_UNUSED_FUNCTION = YES;
				GCC_WARN_UNUSED_VARIABLE = YES;
				IPHONEOS_DEPLOYMENT_TARGET = 8.0;
				MTL_ENABLE_DEBUG_INFO = YES;
				ONLY_ACTIVE_ARCH = YES;
				SDKROOT = iphoneos;
				TARGETED_DEVICE_FAMILY = "1,2";
			};
			name = Debug;
		};
		C30E6B0E1F0A61A000E249BD /* Release */ = {
			isa = XCBuildConfiguration;
			buildSettings = {
				ALWAYS_SEARCH_USER_PATHS = NO;
				CLANG_ANALYZER_NONNULL = YES;
				CLANG_ANALYZER_NUMBER_OBJECT_CONVERSION = YES_AGGRESSIVE;
				CLANG_CXX_LANGUAGE_STANDARD = "gnu++0x";
				CLANG_CXX_LIBRARY = "libc++";
				CLANG_ENABLE_MODULES = YES;
				CLANG_ENABLE_OBJC_ARC = YES;
				CLANG_WARN_BOOL_CONVERSION = YES;
				CLANG_WARN_CONSTANT_CONVERSION = YES;
				CLANG_WARN_DIRECT_OBJC_ISA_USAGE = YES_ERROR;
				CLANG_WARN_DOCUMENTATION_COMMENTS = YES;
				CLANG_WARN_EMPTY_BODY = YES;
				CLANG_WARN_ENUM_CONVERSION = YES;
				CLANG_WARN_INFINITE_RECURSION = YES;
				CLANG_WARN_INT_CONVERSION = YES;
				CLANG_WARN_OBJC_ROOT_CLASS = YES_ERROR;
				CLANG_WARN_SUSPICIOUS_MOVE = YES;
				CLANG_WARN_UNREACHABLE_CODE = YES;
				CLANG_WARN__DUPLICATE_METHOD_MATCH = YES;
				"CODE_SIGN_IDENTITY[sdk=iphoneos*]" = "iPhone Developer";
				COPY_PHASE_STRIP = NO;
				DEBUG_INFORMATION_FORMAT = "dwarf-with-dsym";
				ENABLE_NS_ASSERTIONS = NO;
				ENABLE_STRICT_OBJC_MSGSEND = YES;
				GCC_C_LANGUAGE_STANDARD = gnu99;
				GCC_NO_COMMON_BLOCKS = YES;
				GCC_WARN_64_TO_32_BIT_CONVERSION = YES;
				GCC_WARN_ABOUT_RETURN_TYPE = YES_ERROR;
				GCC_WARN_UNDECLARED_SELECTOR = YES;
				GCC_WARN_UNINITIALIZED_AUTOS = YES_AGGRESSIVE;
				GCC_WARN_UNUSED_FUNCTION = YES;
				GCC_WARN_UNUSED_VARIABLE = YES;
				IPHONEOS_DEPLOYMENT_TARGET = 8.0;
				MTL_ENABLE_DEBUG_INFO = NO;
				SDKROOT = iphoneos;
				TARGETED_DEVICE_FAMILY = "1,2";
				VALIDATE_PRODUCT = YES;
			};
			name = Release;
		};
		C30E6B101F0A61A000E249BD /* Debug */ = {
			isa = XCBuildConfiguration;
			baseConfigurationReference = B1EE5108D1B8DF07D000EE08 /* Pods-demo.debug.xcconfig */;
			buildSettings = {
				ASSETCATALOG_COMPILER_APPICON_NAME = AppIcon;
				CLANG_ALLOW_NON_MODULAR_INCLUDES_IN_FRAMEWORK_MODULES = YES;
				CLANG_USE_OPTIMIZATION_PROFILE = NO;
				"CODE_SIGN_IDENTITY[sdk=iphoneos*]" = "iPhone Developer";
				CODE_SIGN_STYLE = Automatic;
				DEVELOPMENT_TEAM = "";
				ENABLE_BITCODE = NO;
				FRAMEWORK_SEARCH_PATHS = (
					"$(inherited)",
					"$(PROJECT_DIR)/demo/Component/KMC",
					"$(PROJECT_DIR)/demo",
					"$(PROJECT_DIR)",
					"$(PROJECT_DIR)/test",
				);
				GCC_PREFIX_HEADER = demo/PrefixHeader.pch;
				HEADER_SEARCH_PATHS = "$(inherited)";
				INFOPLIST_FILE = demo/Info.plist;
				IPHONEOS_DEPLOYMENT_TARGET = 8.0;
				LD_RUNPATH_SEARCH_PATHS = "$(inherited) @executable_path/Frameworks";
				PRODUCT_BUNDLE_IDENTIFIER = com.ksyun.shortvideo.demo;
				PRODUCT_NAME = "$(TARGET_NAME)";
				PROVISIONING_PROFILE = "";
				PROVISIONING_PROFILE_SPECIFIER = "";
				RUN_CLANG_STATIC_ANALYZER = YES;
			};
			name = Debug;
		};
		C30E6B111F0A61A000E249BD /* Release */ = {
			isa = XCBuildConfiguration;
			baseConfigurationReference = AC66ED77B514E5501EDFCBFB /* Pods-demo.release.xcconfig */;
			buildSettings = {
				ASSETCATALOG_COMPILER_APPICON_NAME = AppIcon;
				CLANG_ALLOW_NON_MODULAR_INCLUDES_IN_FRAMEWORK_MODULES = YES;
				CLANG_USE_OPTIMIZATION_PROFILE = NO;
				"CODE_SIGN_IDENTITY[sdk=iphoneos*]" = "iPhone Developer";
				CODE_SIGN_STYLE = Automatic;
				DEVELOPMENT_TEAM = "";
				ENABLE_BITCODE = NO;
				FRAMEWORK_SEARCH_PATHS = (
					"$(inherited)",
					"$(PROJECT_DIR)/demo/Component/KMC",
					"$(PROJECT_DIR)/demo",
					"$(PROJECT_DIR)",
					"$(PROJECT_DIR)/test",
				);
				GCC_PREFIX_HEADER = demo/PrefixHeader.pch;
				HEADER_SEARCH_PATHS = "$(inherited)";
				INFOPLIST_FILE = demo/Info.plist;
				IPHONEOS_DEPLOYMENT_TARGET = 8.0;
				LD_RUNPATH_SEARCH_PATHS = "$(inherited) @executable_path/Frameworks";
				PRODUCT_BUNDLE_IDENTIFIER = com.ksyun.shortvideo.demo;
				PRODUCT_NAME = "$(TARGET_NAME)";
				PROVISIONING_PROFILE = "";
				PROVISIONING_PROFILE_SPECIFIER = "";
				RUN_CLANG_STATIC_ANALYZER = NO;
			};
			name = Release;
		};
/* End XCBuildConfiguration section */

/* Begin XCConfigurationList section */
		C30E6AF31F0A61A000E249BD /* Build configuration list for PBXProject "demo" */ = {
			isa = XCConfigurationList;
			buildConfigurations = (
				C30E6B0D1F0A61A000E249BD /* Debug */,
				C30E6B0E1F0A61A000E249BD /* Release */,
			);
			defaultConfigurationIsVisible = 0;
			defaultConfigurationName = Release;
		};
		C30E6B0F1F0A61A000E249BD /* Build configuration list for PBXNativeTarget "demo" */ = {
			isa = XCConfigurationList;
			buildConfigurations = (
				C30E6B101F0A61A000E249BD /* Debug */,
				C30E6B111F0A61A000E249BD /* Release */,
			);
			defaultConfigurationIsVisible = 0;
			defaultConfigurationName = Release;
		};
/* End XCConfigurationList section */
	};
	rootObject = C30E6AF01F0A61A000E249BD /* Project object */;
}
